
Microsoft Visual Studio Solution File, Format Version 12.00
# Visual Studio Version 16
VisualStudioVersion = 16.0.28407.52
MinimumVisualStudioVersion = 10.0.40219.1
Project("{2150E333-8FDC-42A3-9474-1A3956D46DE8}") = "Mobile", "Mobile", "{87CC9D0B-F7CD-4763-91FD-D57CCA3B9EB3}"
EndProject
Project("{2150E333-8FDC-42A3-9474-1A3956D46DE8}") = "Solution Items", "Solution Items", "{81137900-9503-4A1A-AACD-1C434155E21F}"
	ProjectSection(SolutionItems) = preProject
		Readme.txt = Readme.txt
	EndProjectSection
EndProject
Project("{9A19103F-16F7-4668-BE54-9A1E7A4F7556}") = "MeetAndGo.Shared", "Shared\MeetAndGo.Shared.csproj", "{1DA778BE-81A4-433C-9832-5F9AD7CA41B7}"
EndProject
Project("{9A19103F-16F7-4668-BE54-9A1E7A4F7556}") = "MeetAndGoMobile", "Mobile\MeetAndGoMobile\MeetAndGoMobile.csproj", "{0029E202-075A-4102-B43A-5D2F1A210896}"
EndProject
Project("{FAE04EC0-301F-11D3-BF4B-00C04F79EFBC}") = "MeetAndGoMobile.Android", "Mobile\MeetAndGoMobile.Android\MeetAndGoMobile.Android.csproj", "{6D68952D-4CAF-42B2-AA10-60802BA3573E}"
EndProject
Project("{FAE04EC0-301F-11D3-BF4B-00C04F79EFBC}") = "MeetAndGoMobile.iOS", "Mobile\MeetAndGoMobile.iOS\MeetAndGoMobile.iOS.csproj", "{10203213-3BCF-4EA9-9384-7C12C822DC4A}"
EndProject
Project("{FAE04EC0-301F-11D3-BF4B-00C04F79EFBC}") = "MeetAndGoMobile.UWP", "Mobile\MeetAndGoMobile.UWP\MeetAndGoMobile.UWP.csproj", "{A064CB29-5029-44F5-948A-8062366159FE}"
EndProject
Project("{9A19103F-16F7-4668-BE54-9A1E7A4F7556}") = "MeetAndGoMobile.Infrastructure", "Mobile\MeetAndGoMobile.Infrastructure\MeetAndGoMobile.Infrastructure.csproj", "{34E05337-1EAE-4E99-ACD4-98DFA8F733AC}"
EndProject
Project("{2150E333-8FDC-42A3-9474-1A3956D46DE8}") = "Clients", "Clients", "{B4CD4122-EEC4-4A6F-A6EA-3D017A52C8C3}"
EndProject
Global
	GlobalSection(SolutionConfigurationPlatforms) = preSolution
		Ad-Hoc|Any CPU = Ad-Hoc|Any CPU
		Ad-Hoc|ARM = Ad-Hoc|ARM
		Ad-Hoc|iPhone = Ad-Hoc|iPhone
		Ad-Hoc|iPhoneSimulator = Ad-Hoc|iPhoneSimulator
		Ad-Hoc|x64 = Ad-Hoc|x64
		Ad-Hoc|x86 = Ad-Hoc|x86
		AppStore|Any CPU = AppStore|Any CPU
		AppStore|ARM = AppStore|ARM
		AppStore|iPhone = AppStore|iPhone
		AppStore|iPhoneSimulator = AppStore|iPhoneSimulator
		AppStore|x64 = AppStore|x64
		AppStore|x86 = AppStore|x86
		Debug|Any CPU = Debug|Any CPU
		Debug|ARM = Debug|ARM
		Debug|iPhone = Debug|iPhone
		Debug|iPhoneSimulator = Debug|iPhoneSimulator
		Debug|x64 = Debug|x64
		Debug|x86 = Debug|x86
		Release|Any CPU = Release|Any CPU
		Release|ARM = Release|ARM
		Release|iPhone = Release|iPhone
		Release|iPhoneSimulator = Release|iPhoneSimulator
		Release|x64 = Release|x64
		Release|x86 = Release|x86
	EndGlobalSection
	GlobalSection(ProjectConfigurationPlatforms) = postSolution
		{1DA778BE-81A4-433C-9832-5F9AD7CA41B7}.Ad-Hoc|Any CPU.ActiveCfg = Debug|Any CPU
		{1DA778BE-81A4-433C-9832-5F9AD7CA41B7}.Ad-Hoc|Any CPU.Build.0 = Debug|Any CPU
		{1DA778BE-81A4-433C-9832-5F9AD7CA41B7}.Ad-Hoc|ARM.ActiveCfg = Debug|Any CPU
		{1DA778BE-81A4-433C-9832-5F9AD7CA41B7}.Ad-Hoc|ARM.Build.0 = Debug|Any CPU
		{1DA778BE-81A4-433C-9832-5F9AD7CA41B7}.Ad-Hoc|iPhone.ActiveCfg = Debug|Any CPU
		{1DA778BE-81A4-433C-9832-5F9AD7CA41B7}.Ad-Hoc|iPhone.Build.0 = Debug|Any CPU
		{1DA778BE-81A4-433C-9832-5F9AD7CA41B7}.Ad-Hoc|iPhoneSimulator.ActiveCfg = Debug|Any CPU
		{1DA778BE-81A4-433C-9832-5F9AD7CA41B7}.Ad-Hoc|iPhoneSimulator.Build.0 = Debug|Any CPU
		{1DA778BE-81A4-433C-9832-5F9AD7CA41B7}.Ad-Hoc|x64.ActiveCfg = Debug|Any CPU
		{1DA778BE-81A4-433C-9832-5F9AD7CA41B7}.Ad-Hoc|x64.Build.0 = Debug|Any CPU
		{1DA778BE-81A4-433C-9832-5F9AD7CA41B7}.Ad-Hoc|x86.ActiveCfg = Debug|Any CPU
		{1DA778BE-81A4-433C-9832-5F9AD7CA41B7}.Ad-Hoc|x86.Build.0 = Debug|Any CPU
		{1DA778BE-81A4-433C-9832-5F9AD7CA41B7}.AppStore|Any CPU.ActiveCfg = Debug|Any CPU
		{1DA778BE-81A4-433C-9832-5F9AD7CA41B7}.AppStore|Any CPU.Build.0 = Debug|Any CPU
		{1DA778BE-81A4-433C-9832-5F9AD7CA41B7}.AppStore|ARM.ActiveCfg = Debug|Any CPU
		{1DA778BE-81A4-433C-9832-5F9AD7CA41B7}.AppStore|ARM.Build.0 = Debug|Any CPU
		{1DA778BE-81A4-433C-9832-5F9AD7CA41B7}.AppStore|iPhone.ActiveCfg = Debug|Any CPU
		{1DA778BE-81A4-433C-9832-5F9AD7CA41B7}.AppStore|iPhone.Build.0 = Debug|Any CPU
		{1DA778BE-81A4-433C-9832-5F9AD7CA41B7}.AppStore|iPhoneSimulator.ActiveCfg = Debug|Any CPU
		{1DA778BE-81A4-433C-9832-5F9AD7CA41B7}.AppStore|iPhoneSimulator.Build.0 = Debug|Any CPU
		{1DA778BE-81A4-433C-9832-5F9AD7CA41B7}.AppStore|x64.ActiveCfg = Debug|Any CPU
		{1DA778BE-81A4-433C-9832-5F9AD7CA41B7}.AppStore|x64.Build.0 = Debug|Any CPU
		{1DA778BE-81A4-433C-9832-5F9AD7CA41B7}.AppStore|x86.ActiveCfg = Debug|Any CPU
		{1DA778BE-81A4-433C-9832-5F9AD7CA41B7}.AppStore|x86.Build.0 = Debug|Any CPU
		{1DA778BE-81A4-433C-9832-5F9AD7CA41B7}.Debug|Any CPU.ActiveCfg = Debug|Any CPU
		{1DA778BE-81A4-433C-9832-5F9AD7CA41B7}.Debug|Any CPU.Build.0 = Debug|Any CPU
		{1DA778BE-81A4-433C-9832-5F9AD7CA41B7}.Debug|ARM.ActiveCfg = Debug|Any CPU
		{1DA778BE-81A4-433C-9832-5F9AD7CA41B7}.Debug|ARM.Build.0 = Debug|Any CPU
		{1DA778BE-81A4-433C-9832-5F9AD7CA41B7}.Debug|iPhone.ActiveCfg = Debug|Any CPU
		{1DA778BE-81A4-433C-9832-5F9AD7CA41B7}.Debug|iPhone.Build.0 = Debug|Any CPU
		{1DA778BE-81A4-433C-9832-5F9AD7CA41B7}.Debug|iPhoneSimulator.ActiveCfg = Debug|Any CPU
		{1DA778BE-81A4-433C-9832-5F9AD7CA41B7}.Debug|iPhoneSimulator.Build.0 = Debug|Any CPU
		{1DA778BE-81A4-433C-9832-5F9AD7CA41B7}.Debug|x64.ActiveCfg = Debug|Any CPU
		{1DA778BE-81A4-433C-9832-5F9AD7CA41B7}.Debug|x64.Build.0 = Debug|Any CPU
		{1DA778BE-81A4-433C-9832-5F9AD7CA41B7}.Debug|x86.ActiveCfg = Debug|Any CPU
		{1DA778BE-81A4-433C-9832-5F9AD7CA41B7}.Debug|x86.Build.0 = Debug|Any CPU
		{1DA778BE-81A4-433C-9832-5F9AD7CA41B7}.Release|Any CPU.ActiveCfg = Release|Any CPU
		{1DA778BE-81A4-433C-9832-5F9AD7CA41B7}.Release|Any CPU.Build.0 = Release|Any CPU
		{1DA778BE-81A4-433C-9832-5F9AD7CA41B7}.Release|ARM.ActiveCfg = Release|Any CPU
		{1DA778BE-81A4-433C-9832-5F9AD7CA41B7}.Release|ARM.Build.0 = Release|Any CPU
		{1DA778BE-81A4-433C-9832-5F9AD7CA41B7}.Release|iPhone.ActiveCfg = Release|Any CPU
		{1DA778BE-81A4-433C-9832-5F9AD7CA41B7}.Release|iPhone.Build.0 = Release|Any CPU
		{1DA778BE-81A4-433C-9832-5F9AD7CA41B7}.Release|iPhoneSimulator.ActiveCfg = Release|Any CPU
		{1DA778BE-81A4-433C-9832-5F9AD7CA41B7}.Release|iPhoneSimulator.Build.0 = Release|Any CPU
		{1DA778BE-81A4-433C-9832-5F9AD7CA41B7}.Release|x64.ActiveCfg = Release|Any CPU
		{1DA778BE-81A4-433C-9832-5F9AD7CA41B7}.Release|x64.Build.0 = Release|Any CPU
		{1DA778BE-81A4-433C-9832-5F9AD7CA41B7}.Release|x86.ActiveCfg = Release|Any CPU
		{1DA778BE-81A4-433C-9832-5F9AD7CA41B7}.Release|x86.Build.0 = Release|Any CPU
		{0029E202-075A-4102-B43A-5D2F1A210896}.Ad-Hoc|Any CPU.ActiveCfg = Debug|Any CPU
		{0029E202-075A-4102-B43A-5D2F1A210896}.Ad-Hoc|Any CPU.Build.0 = Debug|Any CPU
		{0029E202-075A-4102-B43A-5D2F1A210896}.Ad-Hoc|ARM.ActiveCfg = Debug|Any CPU
		{0029E202-075A-4102-B43A-5D2F1A210896}.Ad-Hoc|ARM.Build.0 = Debug|Any CPU
		{0029E202-075A-4102-B43A-5D2F1A210896}.Ad-Hoc|iPhone.ActiveCfg = Debug|Any CPU
		{0029E202-075A-4102-B43A-5D2F1A210896}.Ad-Hoc|iPhone.Build.0 = Debug|Any CPU
		{0029E202-075A-4102-B43A-5D2F1A210896}.Ad-Hoc|iPhoneSimulator.ActiveCfg = Debug|Any CPU
		{0029E202-075A-4102-B43A-5D2F1A210896}.Ad-Hoc|iPhoneSimulator.Build.0 = Debug|Any CPU
		{0029E202-075A-4102-B43A-5D2F1A210896}.Ad-Hoc|x64.ActiveCfg = Debug|Any CPU
		{0029E202-075A-4102-B43A-5D2F1A210896}.Ad-Hoc|x64.Build.0 = Debug|Any CPU
		{0029E202-075A-4102-B43A-5D2F1A210896}.Ad-Hoc|x86.ActiveCfg = Debug|Any CPU
		{0029E202-075A-4102-B43A-5D2F1A210896}.Ad-Hoc|x86.Build.0 = Debug|Any CPU
		{0029E202-075A-4102-B43A-5D2F1A210896}.AppStore|Any CPU.ActiveCfg = Debug|Any CPU
		{0029E202-075A-4102-B43A-5D2F1A210896}.AppStore|Any CPU.Build.0 = Debug|Any CPU
		{0029E202-075A-4102-B43A-5D2F1A210896}.AppStore|ARM.ActiveCfg = Debug|Any CPU
		{0029E202-075A-4102-B43A-5D2F1A210896}.AppStore|ARM.Build.0 = Debug|Any CPU
		{0029E202-075A-4102-B43A-5D2F1A210896}.AppStore|iPhone.ActiveCfg = Debug|Any CPU
		{0029E202-075A-4102-B43A-5D2F1A210896}.AppStore|iPhone.Build.0 = Debug|Any CPU
		{0029E202-075A-4102-B43A-5D2F1A210896}.AppStore|iPhoneSimulator.ActiveCfg = Debug|Any CPU
		{0029E202-075A-4102-B43A-5D2F1A210896}.AppStore|iPhoneSimulator.Build.0 = Debug|Any CPU
		{0029E202-075A-4102-B43A-5D2F1A210896}.AppStore|x64.ActiveCfg = Debug|Any CPU
		{0029E202-075A-4102-B43A-5D2F1A210896}.AppStore|x64.Build.0 = Debug|Any CPU
		{0029E202-075A-4102-B43A-5D2F1A210896}.AppStore|x86.ActiveCfg = Debug|Any CPU
		{0029E202-075A-4102-B43A-5D2F1A210896}.AppStore|x86.Build.0 = Debug|Any CPU
		{0029E202-075A-4102-B43A-5D2F1A210896}.Debug|Any CPU.ActiveCfg = Debug|Any CPU
		{0029E202-075A-4102-B43A-5D2F1A210896}.Debug|Any CPU.Build.0 = Debug|Any CPU
		{0029E202-075A-4102-B43A-5D2F1A210896}.Debug|ARM.ActiveCfg = Debug|Any CPU
		{0029E202-075A-4102-B43A-5D2F1A210896}.Debug|ARM.Build.0 = Debug|Any CPU
		{0029E202-075A-4102-B43A-5D2F1A210896}.Debug|iPhone.ActiveCfg = Debug|Any CPU
		{0029E202-075A-4102-B43A-5D2F1A210896}.Debug|iPhone.Build.0 = Debug|Any CPU
		{0029E202-075A-4102-B43A-5D2F1A210896}.Debug|iPhoneSimulator.ActiveCfg = Debug|Any CPU
		{0029E202-075A-4102-B43A-5D2F1A210896}.Debug|iPhoneSimulator.Build.0 = Debug|Any CPU
		{0029E202-075A-4102-B43A-5D2F1A210896}.Debug|x64.ActiveCfg = Debug|Any CPU
		{0029E202-075A-4102-B43A-5D2F1A210896}.Debug|x64.Build.0 = Debug|Any CPU
		{0029E202-075A-4102-B43A-5D2F1A210896}.Debug|x86.ActiveCfg = Debug|Any CPU
		{0029E202-075A-4102-B43A-5D2F1A210896}.Debug|x86.Build.0 = Debug|Any CPU
		{0029E202-075A-4102-B43A-5D2F1A210896}.Release|Any CPU.ActiveCfg = Release|Any CPU
		{0029E202-075A-4102-B43A-5D2F1A210896}.Release|Any CPU.Build.0 = Release|Any CPU
		{0029E202-075A-4102-B43A-5D2F1A210896}.Release|ARM.ActiveCfg = Release|Any CPU
		{0029E202-075A-4102-B43A-5D2F1A210896}.Release|ARM.Build.0 = Release|Any CPU
		{0029E202-075A-4102-B43A-5D2F1A210896}.Release|iPhone.ActiveCfg = Release|Any CPU
		{0029E202-075A-4102-B43A-5D2F1A210896}.Release|iPhone.Build.0 = Release|Any CPU
		{0029E202-075A-4102-B43A-5D2F1A210896}.Release|iPhoneSimulator.ActiveCfg = Release|Any CPU
		{0029E202-075A-4102-B43A-5D2F1A210896}.Release|iPhoneSimulator.Build.0 = Release|Any CPU
		{0029E202-075A-4102-B43A-5D2F1A210896}.Release|x64.ActiveCfg = Release|Any CPU
		{0029E202-075A-4102-B43A-5D2F1A210896}.Release|x64.Build.0 = Release|Any CPU
		{0029E202-075A-4102-B43A-5D2F1A210896}.Release|x86.ActiveCfg = Release|Any CPU
		{0029E202-075A-4102-B43A-5D2F1A210896}.Release|x86.Build.0 = Release|Any CPU
		{6D68952D-4CAF-42B2-AA10-60802BA3573E}.Ad-Hoc|Any CPU.ActiveCfg = Release|Any CPU
		{6D68952D-4CAF-42B2-AA10-60802BA3573E}.Ad-Hoc|Any CPU.Build.0 = Release|Any CPU
		{6D68952D-4CAF-42B2-AA10-60802BA3573E}.Ad-Hoc|Any CPU.Deploy.0 = Release|Any CPU
		{6D68952D-4CAF-42B2-AA10-60802BA3573E}.Ad-Hoc|ARM.ActiveCfg = Release|Any CPU
		{6D68952D-4CAF-42B2-AA10-60802BA3573E}.Ad-Hoc|ARM.Build.0 = Release|Any CPU
		{6D68952D-4CAF-42B2-AA10-60802BA3573E}.Ad-Hoc|ARM.Deploy.0 = Release|Any CPU
		{6D68952D-4CAF-42B2-AA10-60802BA3573E}.Ad-Hoc|iPhone.ActiveCfg = Release|Any CPU
		{6D68952D-4CAF-42B2-AA10-60802BA3573E}.Ad-Hoc|iPhone.Build.0 = Release|Any CPU
		{6D68952D-4CAF-42B2-AA10-60802BA3573E}.Ad-Hoc|iPhone.Deploy.0 = Release|Any CPU
		{6D68952D-4CAF-42B2-AA10-60802BA3573E}.Ad-Hoc|iPhoneSimulator.ActiveCfg = Release|Any CPU
		{6D68952D-4CAF-42B2-AA10-60802BA3573E}.Ad-Hoc|iPhoneSimulator.Build.0 = Release|Any CPU
		{6D68952D-4CAF-42B2-AA10-60802BA3573E}.Ad-Hoc|iPhoneSimulator.Deploy.0 = Release|Any CPU
		{6D68952D-4CAF-42B2-AA10-60802BA3573E}.Ad-Hoc|x64.ActiveCfg = Release|Any CPU
		{6D68952D-4CAF-42B2-AA10-60802BA3573E}.Ad-Hoc|x64.Build.0 = Release|Any CPU
		{6D68952D-4CAF-42B2-AA10-60802BA3573E}.Ad-Hoc|x64.Deploy.0 = Release|Any CPU
		{6D68952D-4CAF-42B2-AA10-60802BA3573E}.Ad-Hoc|x86.ActiveCfg = Release|Any CPU
		{6D68952D-4CAF-42B2-AA10-60802BA3573E}.Ad-Hoc|x86.Build.0 = Release|Any CPU
		{6D68952D-4CAF-42B2-AA10-60802BA3573E}.Ad-Hoc|x86.Deploy.0 = Release|Any CPU
		{6D68952D-4CAF-42B2-AA10-60802BA3573E}.AppStore|Any CPU.ActiveCfg = Release|Any CPU
		{6D68952D-4CAF-42B2-AA10-60802BA3573E}.AppStore|Any CPU.Build.0 = Release|Any CPU
		{6D68952D-4CAF-42B2-AA10-60802BA3573E}.AppStore|Any CPU.Deploy.0 = Release|Any CPU
		{6D68952D-4CAF-42B2-AA10-60802BA3573E}.AppStore|ARM.ActiveCfg = Release|Any CPU
		{6D68952D-4CAF-42B2-AA10-60802BA3573E}.AppStore|ARM.Build.0 = Release|Any CPU
		{6D68952D-4CAF-42B2-AA10-60802BA3573E}.AppStore|ARM.Deploy.0 = Release|Any CPU
		{6D68952D-4CAF-42B2-AA10-60802BA3573E}.AppStore|iPhone.ActiveCfg = Release|Any CPU
		{6D68952D-4CAF-42B2-AA10-60802BA3573E}.AppStore|iPhone.Build.0 = Release|Any CPU
		{6D68952D-4CAF-42B2-AA10-60802BA3573E}.AppStore|iPhone.Deploy.0 = Release|Any CPU
		{6D68952D-4CAF-42B2-AA10-60802BA3573E}.AppStore|iPhoneSimulator.ActiveCfg = Release|Any CPU
		{6D68952D-4CAF-42B2-AA10-60802BA3573E}.AppStore|iPhoneSimulator.Build.0 = Release|Any CPU
		{6D68952D-4CAF-42B2-AA10-60802BA3573E}.AppStore|iPhoneSimulator.Deploy.0 = Release|Any CPU
		{6D68952D-4CAF-42B2-AA10-60802BA3573E}.AppStore|x64.ActiveCfg = Release|Any CPU
		{6D68952D-4CAF-42B2-AA10-60802BA3573E}.AppStore|x64.Build.0 = Release|Any CPU
		{6D68952D-4CAF-42B2-AA10-60802BA3573E}.AppStore|x64.Deploy.0 = Release|Any CPU
		{6D68952D-4CAF-42B2-AA10-60802BA3573E}.AppStore|x86.ActiveCfg = Release|Any CPU
		{6D68952D-4CAF-42B2-AA10-60802BA3573E}.AppStore|x86.Build.0 = Release|Any CPU
		{6D68952D-4CAF-42B2-AA10-60802BA3573E}.AppStore|x86.Deploy.0 = Release|Any CPU
		{6D68952D-4CAF-42B2-AA10-60802BA3573E}.Debug|Any CPU.ActiveCfg = Debug|Any CPU
		{6D68952D-4CAF-42B2-AA10-60802BA3573E}.Debug|Any CPU.Build.0 = Debug|Any CPU
		{6D68952D-4CAF-42B2-AA10-60802BA3573E}.Debug|Any CPU.Deploy.0 = Debug|Any CPU
		{6D68952D-4CAF-42B2-AA10-60802BA3573E}.Debug|ARM.ActiveCfg = Debug|Any CPU
		{6D68952D-4CAF-42B2-AA10-60802BA3573E}.Debug|ARM.Build.0 = Debug|Any CPU
		{6D68952D-4CAF-42B2-AA10-60802BA3573E}.Debug|ARM.Deploy.0 = Debug|Any CPU
		{6D68952D-4CAF-42B2-AA10-60802BA3573E}.Debug|iPhone.ActiveCfg = Debug|Any CPU
		{6D68952D-4CAF-42B2-AA10-60802BA3573E}.Debug|iPhone.Build.0 = Debug|Any CPU
		{6D68952D-4CAF-42B2-AA10-60802BA3573E}.Debug|iPhone.Deploy.0 = Debug|Any CPU
		{6D68952D-4CAF-42B2-AA10-60802BA3573E}.Debug|iPhoneSimulator.ActiveCfg = Debug|Any CPU
		{6D68952D-4CAF-42B2-AA10-60802BA3573E}.Debug|iPhoneSimulator.Build.0 = Debug|Any CPU
		{6D68952D-4CAF-42B2-AA10-60802BA3573E}.Debug|iPhoneSimulator.Deploy.0 = Debug|Any CPU
		{6D68952D-4CAF-42B2-AA10-60802BA3573E}.Debug|x64.ActiveCfg = Debug|Any CPU
		{6D68952D-4CAF-42B2-AA10-60802BA3573E}.Debug|x64.Build.0 = Debug|Any CPU
		{6D68952D-4CAF-42B2-AA10-60802BA3573E}.Debug|x64.Deploy.0 = Debug|Any CPU
		{6D68952D-4CAF-42B2-AA10-60802BA3573E}.Debug|x86.ActiveCfg = Debug|Any CPU
		{6D68952D-4CAF-42B2-AA10-60802BA3573E}.Debug|x86.Build.0 = Debug|Any CPU
		{6D68952D-4CAF-42B2-AA10-60802BA3573E}.Debug|x86.Deploy.0 = Debug|Any CPU
		{6D68952D-4CAF-42B2-AA10-60802BA3573E}.Release|Any CPU.ActiveCfg = Release|Any CPU
		{6D68952D-4CAF-42B2-AA10-60802BA3573E}.Release|Any CPU.Build.0 = Release|Any CPU
		{6D68952D-4CAF-42B2-AA10-60802BA3573E}.Release|Any CPU.Deploy.0 = Release|Any CPU
		{6D68952D-4CAF-42B2-AA10-60802BA3573E}.Release|ARM.ActiveCfg = Release|Any CPU
		{6D68952D-4CAF-42B2-AA10-60802BA3573E}.Release|ARM.Build.0 = Release|Any CPU
		{6D68952D-4CAF-42B2-AA10-60802BA3573E}.Release|ARM.Deploy.0 = Release|Any CPU
		{6D68952D-4CAF-42B2-AA10-60802BA3573E}.Release|iPhone.ActiveCfg = Release|Any CPU
		{6D68952D-4CAF-42B2-AA10-60802BA3573E}.Release|iPhone.Build.0 = Release|Any CPU
		{6D68952D-4CAF-42B2-AA10-60802BA3573E}.Release|iPhone.Deploy.0 = Release|Any CPU
		{6D68952D-4CAF-42B2-AA10-60802BA3573E}.Release|iPhoneSimulator.ActiveCfg = Release|Any CPU
		{6D68952D-4CAF-42B2-AA10-60802BA3573E}.Release|iPhoneSimulator.Build.0 = Release|Any CPU
		{6D68952D-4CAF-42B2-AA10-60802BA3573E}.Release|iPhoneSimulator.Deploy.0 = Release|Any CPU
		{6D68952D-4CAF-42B2-AA10-60802BA3573E}.Release|x64.ActiveCfg = Release|Any CPU
		{6D68952D-4CAF-42B2-AA10-60802BA3573E}.Release|x64.Build.0 = Release|Any CPU
		{6D68952D-4CAF-42B2-AA10-60802BA3573E}.Release|x64.Deploy.0 = Release|Any CPU
		{6D68952D-4CAF-42B2-AA10-60802BA3573E}.Release|x86.ActiveCfg = Release|Any CPU
		{6D68952D-4CAF-42B2-AA10-60802BA3573E}.Release|x86.Build.0 = Release|Any CPU
		{6D68952D-4CAF-42B2-AA10-60802BA3573E}.Release|x86.Deploy.0 = Release|Any CPU
		{10203213-3BCF-4EA9-9384-7C12C822DC4A}.Ad-Hoc|Any CPU.ActiveCfg = Ad-Hoc|iPhone
		{10203213-3BCF-4EA9-9384-7C12C822DC4A}.Ad-Hoc|ARM.ActiveCfg = Ad-Hoc|iPhone
		{10203213-3BCF-4EA9-9384-7C12C822DC4A}.Ad-Hoc|iPhone.ActiveCfg = Ad-Hoc|iPhone
		{10203213-3BCF-4EA9-9384-7C12C822DC4A}.Ad-Hoc|iPhone.Build.0 = Ad-Hoc|iPhone
		{10203213-3BCF-4EA9-9384-7C12C822DC4A}.Ad-Hoc|iPhoneSimulator.ActiveCfg = Ad-Hoc|iPhoneSimulator
		{10203213-3BCF-4EA9-9384-7C12C822DC4A}.Ad-Hoc|iPhoneSimulator.Build.0 = Ad-Hoc|iPhoneSimulator
		{10203213-3BCF-4EA9-9384-7C12C822DC4A}.Ad-Hoc|x64.ActiveCfg = Ad-Hoc|iPhone
		{10203213-3BCF-4EA9-9384-7C12C822DC4A}.Ad-Hoc|x86.ActiveCfg = Ad-Hoc|iPhone
		{10203213-3BCF-4EA9-9384-7C12C822DC4A}.AppStore|Any CPU.ActiveCfg = AppStore|iPhone
		{10203213-3BCF-4EA9-9384-7C12C822DC4A}.AppStore|ARM.ActiveCfg = AppStore|iPhone
		{10203213-3BCF-4EA9-9384-7C12C822DC4A}.AppStore|iPhone.ActiveCfg = AppStore|iPhone
		{10203213-3BCF-4EA9-9384-7C12C822DC4A}.AppStore|iPhone.Build.0 = AppStore|iPhone
		{10203213-3BCF-4EA9-9384-7C12C822DC4A}.AppStore|iPhoneSimulator.ActiveCfg = AppStore|iPhoneSimulator
		{10203213-3BCF-4EA9-9384-7C12C822DC4A}.AppStore|iPhoneSimulator.Build.0 = AppStore|iPhoneSimulator
		{10203213-3BCF-4EA9-9384-7C12C822DC4A}.AppStore|x64.ActiveCfg = AppStore|iPhone
		{10203213-3BCF-4EA9-9384-7C12C822DC4A}.AppStore|x86.ActiveCfg = AppStore|iPhone
		{10203213-3BCF-4EA9-9384-7C12C822DC4A}.Debug|Any CPU.ActiveCfg = Debug|iPhone
		{10203213-3BCF-4EA9-9384-7C12C822DC4A}.Debug|ARM.ActiveCfg = Debug|iPhone
		{10203213-3BCF-4EA9-9384-7C12C822DC4A}.Debug|iPhone.ActiveCfg = Debug|iPhone
		{10203213-3BCF-4EA9-9384-7C12C822DC4A}.Debug|iPhone.Build.0 = Debug|iPhone
		{10203213-3BCF-4EA9-9384-7C12C822DC4A}.Debug|iPhoneSimulator.ActiveCfg = Debug|iPhoneSimulator
		{10203213-3BCF-4EA9-9384-7C12C822DC4A}.Debug|iPhoneSimulator.Build.0 = Debug|iPhoneSimulator
		{10203213-3BCF-4EA9-9384-7C12C822DC4A}.Debug|x64.ActiveCfg = Debug|iPhone
		{10203213-3BCF-4EA9-9384-7C12C822DC4A}.Debug|x86.ActiveCfg = Debug|iPhone
		{10203213-3BCF-4EA9-9384-7C12C822DC4A}.Release|Any CPU.ActiveCfg = Release|iPhone
		{10203213-3BCF-4EA9-9384-7C12C822DC4A}.Release|ARM.ActiveCfg = Release|iPhone
		{10203213-3BCF-4EA9-9384-7C12C822DC4A}.Release|iPhone.ActiveCfg = Release|iPhone
		{10203213-3BCF-4EA9-9384-7C12C822DC4A}.Release|iPhone.Build.0 = Release|iPhone
		{10203213-3BCF-4EA9-9384-7C12C822DC4A}.Release|iPhoneSimulator.ActiveCfg = Release|iPhoneSimulator
		{10203213-3BCF-4EA9-9384-7C12C822DC4A}.Release|iPhoneSimulator.Build.0 = Release|iPhoneSimulator
		{10203213-3BCF-4EA9-9384-7C12C822DC4A}.Release|x64.ActiveCfg = Release|iPhone
		{10203213-3BCF-4EA9-9384-7C12C822DC4A}.Release|x86.ActiveCfg = Release|iPhone
		{A064CB29-5029-44F5-948A-8062366159FE}.Ad-Hoc|Any CPU.ActiveCfg = Release|x86
		{A064CB29-5029-44F5-948A-8062366159FE}.Ad-Hoc|Any CPU.Build.0 = Release|x86
		{A064CB29-5029-44F5-948A-8062366159FE}.Ad-Hoc|Any CPU.Deploy.0 = Release|x86
		{A064CB29-5029-44F5-948A-8062366159FE}.Ad-Hoc|ARM.ActiveCfg = Release|ARM
		{A064CB29-5029-44F5-948A-8062366159FE}.Ad-Hoc|ARM.Build.0 = Release|ARM
		{A064CB29-5029-44F5-948A-8062366159FE}.Ad-Hoc|ARM.Deploy.0 = Release|ARM
		{A064CB29-5029-44F5-948A-8062366159FE}.Ad-Hoc|iPhone.ActiveCfg = Release|x86
		{A064CB29-5029-44F5-948A-8062366159FE}.Ad-Hoc|iPhone.Build.0 = Release|x86
		{A064CB29-5029-44F5-948A-8062366159FE}.Ad-Hoc|iPhone.Deploy.0 = Release|x86
		{A064CB29-5029-44F5-948A-8062366159FE}.Ad-Hoc|iPhoneSimulator.ActiveCfg = Release|x86
		{A064CB29-5029-44F5-948A-8062366159FE}.Ad-Hoc|iPhoneSimulator.Build.0 = Release|x86
		{A064CB29-5029-44F5-948A-8062366159FE}.Ad-Hoc|iPhoneSimulator.Deploy.0 = Release|x86
		{A064CB29-5029-44F5-948A-8062366159FE}.Ad-Hoc|x64.ActiveCfg = Release|x64
		{A064CB29-5029-44F5-948A-8062366159FE}.Ad-Hoc|x64.Build.0 = Release|x64
		{A064CB29-5029-44F5-948A-8062366159FE}.Ad-Hoc|x64.Deploy.0 = Release|x64
		{A064CB29-5029-44F5-948A-8062366159FE}.Ad-Hoc|x86.ActiveCfg = Release|x86
		{A064CB29-5029-44F5-948A-8062366159FE}.Ad-Hoc|x86.Build.0 = Release|x86
		{A064CB29-5029-44F5-948A-8062366159FE}.Ad-Hoc|x86.Deploy.0 = Release|x86
		{A064CB29-5029-44F5-948A-8062366159FE}.AppStore|Any CPU.ActiveCfg = Release|x86
		{A064CB29-5029-44F5-948A-8062366159FE}.AppStore|Any CPU.Build.0 = Release|x86
		{A064CB29-5029-44F5-948A-8062366159FE}.AppStore|ARM.ActiveCfg = Release|ARM
		{A064CB29-5029-44F5-948A-8062366159FE}.AppStore|ARM.Build.0 = Release|ARM
		{A064CB29-5029-44F5-948A-8062366159FE}.AppStore|ARM.Deploy.0 = Release|ARM
		{A064CB29-5029-44F5-948A-8062366159FE}.AppStore|iPhone.ActiveCfg = Release|x86
		{A064CB29-5029-44F5-948A-8062366159FE}.AppStore|iPhone.Build.0 = Release|x86
		{A064CB29-5029-44F5-948A-8062366159FE}.AppStore|iPhone.Deploy.0 = Release|x86
		{A064CB29-5029-44F5-948A-8062366159FE}.AppStore|iPhoneSimulator.ActiveCfg = Release|x86
		{A064CB29-5029-44F5-948A-8062366159FE}.AppStore|iPhoneSimulator.Build.0 = Release|x86
		{A064CB29-5029-44F5-948A-8062366159FE}.AppStore|iPhoneSimulator.Deploy.0 = Release|x86
		{A064CB29-5029-44F5-948A-8062366159FE}.AppStore|x64.ActiveCfg = Release|x64
		{A064CB29-5029-44F5-948A-8062366159FE}.AppStore|x64.Build.0 = Release|x64
		{A064CB29-5029-44F5-948A-8062366159FE}.AppStore|x64.Deploy.0 = Release|x64
		{A064CB29-5029-44F5-948A-8062366159FE}.AppStore|x86.ActiveCfg = Release|x86
		{A064CB29-5029-44F5-948A-8062366159FE}.AppStore|x86.Build.0 = Release|x86
		{A064CB29-5029-44F5-948A-8062366159FE}.Debug|Any CPU.ActiveCfg = Debug|x86
		{A064CB29-5029-44F5-948A-8062366159FE}.Debug|ARM.ActiveCfg = Debug|ARM
		{A064CB29-5029-44F5-948A-8062366159FE}.Debug|ARM.Build.0 = Debug|ARM
		{A064CB29-5029-44F5-948A-8062366159FE}.Debug|ARM.Deploy.0 = Debug|ARM
		{A064CB29-5029-44F5-948A-8062366159FE}.Debug|iPhone.ActiveCfg = Debug|x86
		{A064CB29-5029-44F5-948A-8062366159FE}.Debug|iPhoneSimulator.ActiveCfg = Debug|x86
		{A064CB29-5029-44F5-948A-8062366159FE}.Debug|x64.ActiveCfg = Debug|x64
		{A064CB29-5029-44F5-948A-8062366159FE}.Debug|x64.Build.0 = Debug|x64
		{A064CB29-5029-44F5-948A-8062366159FE}.Debug|x64.Deploy.0 = Debug|x64
		{A064CB29-5029-44F5-948A-8062366159FE}.Debug|x86.ActiveCfg = Debug|x86
		{A064CB29-5029-44F5-948A-8062366159FE}.Debug|x86.Build.0 = Debug|x86
		{A064CB29-5029-44F5-948A-8062366159FE}.Debug|x86.Deploy.0 = Debug|x86
		{A064CB29-5029-44F5-948A-8062366159FE}.Release|Any CPU.ActiveCfg = Release|x86
		{A064CB29-5029-44F5-948A-8062366159FE}.Release|ARM.ActiveCfg = Release|ARM
		{A064CB29-5029-44F5-948A-8062366159FE}.Release|ARM.Build.0 = Release|ARM
		{A064CB29-5029-44F5-948A-8062366159FE}.Release|ARM.Deploy.0 = Release|ARM
		{A064CB29-5029-44F5-948A-8062366159FE}.Release|iPhone.ActiveCfg = Release|x86
		{A064CB29-5029-44F5-948A-8062366159FE}.Release|iPhoneSimulator.ActiveCfg = Release|x86
		{A064CB29-5029-44F5-948A-8062366159FE}.Release|x64.ActiveCfg = Release|x64
		{A064CB29-5029-44F5-948A-8062366159FE}.Release|x64.Build.0 = Release|x64
		{A064CB29-5029-44F5-948A-8062366159FE}.Release|x64.Deploy.0 = Release|x64
		{A064CB29-5029-44F5-948A-8062366159FE}.Release|x86.ActiveCfg = Release|x86
		{A064CB29-5029-44F5-948A-8062366159FE}.Release|x86.Build.0 = Release|x86
		{A064CB29-5029-44F5-948A-8062366159FE}.Release|x86.Deploy.0 = Release|x86
		{34E05337-1EAE-4E99-ACD4-98DFA8F733AC}.Ad-Hoc|Any CPU.ActiveCfg = Debug|Any CPU
		{34E05337-1EAE-4E99-ACD4-98DFA8F733AC}.Ad-Hoc|Any CPU.Build.0 = Debug|Any CPU
		{34E05337-1EAE-4E99-ACD4-98DFA8F733AC}.Ad-Hoc|ARM.ActiveCfg = Debug|Any CPU
		{34E05337-1EAE-4E99-ACD4-98DFA8F733AC}.Ad-Hoc|ARM.Build.0 = Debug|Any CPU
		{34E05337-1EAE-4E99-ACD4-98DFA8F733AC}.Ad-Hoc|iPhone.ActiveCfg = Debug|Any CPU
		{34E05337-1EAE-4E99-ACD4-98DFA8F733AC}.Ad-Hoc|iPhone.Build.0 = Debug|Any CPU
		{34E05337-1EAE-4E99-ACD4-98DFA8F733AC}.Ad-Hoc|iPhoneSimulator.ActiveCfg = Debug|Any CPU
		{34E05337-1EAE-4E99-ACD4-98DFA8F733AC}.Ad-Hoc|iPhoneSimulator.Build.0 = Debug|Any CPU
		{34E05337-1EAE-4E99-ACD4-98DFA8F733AC}.Ad-Hoc|x64.ActiveCfg = Debug|Any CPU
		{34E05337-1EAE-4E99-ACD4-98DFA8F733AC}.Ad-Hoc|x64.Build.0 = Debug|Any CPU
		{34E05337-1EAE-4E99-ACD4-98DFA8F733AC}.Ad-Hoc|x86.ActiveCfg = Debug|Any CPU
		{34E05337-1EAE-4E99-ACD4-98DFA8F733AC}.Ad-Hoc|x86.Build.0 = Debug|Any CPU
		{34E05337-1EAE-4E99-ACD4-98DFA8F733AC}.AppStore|Any CPU.ActiveCfg = Debug|Any CPU
		{34E05337-1EAE-4E99-ACD4-98DFA8F733AC}.AppStore|Any CPU.Build.0 = Debug|Any CPU
		{34E05337-1EAE-4E99-ACD4-98DFA8F733AC}.AppStore|ARM.ActiveCfg = Debug|Any CPU
		{34E05337-1EAE-4E99-ACD4-98DFA8F733AC}.AppStore|ARM.Build.0 = Debug|Any CPU
		{34E05337-1EAE-4E99-ACD4-98DFA8F733AC}.AppStore|iPhone.ActiveCfg = Debug|Any CPU
		{34E05337-1EAE-4E99-ACD4-98DFA8F733AC}.AppStore|iPhone.Build.0 = Debug|Any CPU
		{34E05337-1EAE-4E99-ACD4-98DFA8F733AC}.AppStore|iPhoneSimulator.ActiveCfg = Debug|Any CPU
		{34E05337-1EAE-4E99-ACD4-98DFA8F733AC}.AppStore|iPhoneSimulator.Build.0 = Debug|Any CPU
		{34E05337-1EAE-4E99-ACD4-98DFA8F733AC}.AppStore|x64.ActiveCfg = Debug|Any CPU
		{34E05337-1EAE-4E99-ACD4-98DFA8F733AC}.AppStore|x64.Build.0 = Debug|Any CPU
		{34E05337-1EAE-4E99-ACD4-98DFA8F733AC}.AppStore|x86.ActiveCfg = Debug|Any CPU
		{34E05337-1EAE-4E99-ACD4-98DFA8F733AC}.AppStore|x86.Build.0 = Debug|Any CPU
		{34E05337-1EAE-4E99-ACD4-98DFA8F733AC}.Debug|Any CPU.ActiveCfg = Debug|Any CPU
		{34E05337-1EAE-4E99-ACD4-98DFA8F733AC}.Debug|Any CPU.Build.0 = Debug|Any CPU
		{34E05337-1EAE-4E99-ACD4-98DFA8F733AC}.Debug|ARM.ActiveCfg = Debug|Any CPU
		{34E05337-1EAE-4E99-ACD4-98DFA8F733AC}.Debug|ARM.Build.0 = Debug|Any CPU
		{34E05337-1EAE-4E99-ACD4-98DFA8F733AC}.Debug|iPhone.ActiveCfg = Debug|Any CPU
		{34E05337-1EAE-4E99-ACD4-98DFA8F733AC}.Debug|iPhone.Build.0 = Debug|Any CPU
		{34E05337-1EAE-4E99-ACD4-98DFA8F733AC}.Debug|iPhoneSimulator.ActiveCfg = Debug|Any CPU
		{34E05337-1EAE-4E99-ACD4-98DFA8F733AC}.Debug|iPhoneSimulator.Build.0 = Debug|Any CPU
		{34E05337-1EAE-4E99-ACD4-98DFA8F733AC}.Debug|x64.ActiveCfg = Debug|Any CPU
		{34E05337-1EAE-4E99-ACD4-98DFA8F733AC}.Debug|x64.Build.0 = Debug|Any CPU
		{34E05337-1EAE-4E99-ACD4-98DFA8F733AC}.Debug|x86.ActiveCfg = Debug|Any CPU
		{34E05337-1EAE-4E99-ACD4-98DFA8F733AC}.Debug|x86.Build.0 = Debug|Any CPU
		{34E05337-1EAE-4E99-ACD4-98DFA8F733AC}.Release|Any CPU.ActiveCfg = Release|Any CPU
		{34E05337-1EAE-4E99-ACD4-98DFA8F733AC}.Release|Any CPU.Build.0 = Release|Any CPU
		{34E05337-1EAE-4E99-ACD4-98DFA8F733AC}.Release|ARM.ActiveCfg = Release|Any CPU
		{34E05337-1EAE-4E99-ACD4-98DFA8F733AC}.Release|ARM.Build.0 = Release|Any CPU
		{34E05337-1EAE-4E99-ACD4-98DFA8F733AC}.Release|iPhone.ActiveCfg = Release|Any CPU
		{34E05337-1EAE-4E99-ACD4-98DFA8F733AC}.Release|iPhone.Build.0 = Release|Any CPU
		{34E05337-1EAE-4E99-ACD4-98DFA8F733AC}.Release|iPhoneSimulator.ActiveCfg = Release|Any CPU
		{34E05337-1EAE-4E99-ACD4-98DFA8F733AC}.Release|iPhoneSimulator.Build.0 = Release|Any CPU
		{34E05337-1EAE-4E99-ACD4-98DFA8F733AC}.Release|x64.ActiveCfg = Release|Any CPU
		{34E05337-1EAE-4E99-ACD4-98DFA8F733AC}.Release|x64.Build.0 = Release|Any CPU
		{34E05337-1EAE-4E99-ACD4-98DFA8F733AC}.Release|x86.ActiveCfg = Release|Any CPU
		{34E05337-1EAE-4E99-ACD4-98DFA8F733AC}.Release|x86.Build.0 = Release|Any CPU
	EndGlobalSection
	GlobalSection(SolutionProperties) = preSolution
		HideSolutionNode = FALSE
	EndGlobalSection
	GlobalSection(NestedProjects) = preSolution
		{0029E202-075A-4102-B43A-5D2F1A210896} = {87CC9D0B-F7CD-4763-91FD-D57CCA3B9EB3}
		{6D68952D-4CAF-42B2-AA10-60802BA3573E} = {B4CD4122-EEC4-4A6F-A6EA-3D017A52C8C3}
		{10203213-3BCF-4EA9-9384-7C12C822DC4A} = {B4CD4122-EEC4-4A6F-A6EA-3D017A52C8C3}
		{A064CB29-5029-44F5-948A-8062366159FE} = {B4CD4122-EEC4-4A6F-A6EA-3D017A52C8C3}
		{34E05337-1EAE-4E99-ACD4-98DFA8F733AC} = {87CC9D0B-F7CD-4763-91FD-D57CCA3B9EB3}
		{B4CD4122-EEC4-4A6F-A6EA-3D017A52C8C3} = {87CC9D0B-F7CD-4763-91FD-D57CCA3B9EB3}
	EndGlobalSection
	GlobalSection(ExtensibilityGlobals) = postSolution
		SolutionGuid = {86D4894B-A5ED-4286-8192-55A70185FF62}
	EndGlobalSection
EndGlobal
