
Microsoft Visual Studio Solution File, Format Version 12.00
# Visual Studio 15
VisualStudioVersion = 15.0.27004.2005
MinimumVisualStudioVersion = 10.0.40219.1
Project("{2150E333-8FDC-42A3-9474-1A3956D46DE8}") = "Mobile", "Mobile", "{87CC9D0B-F7CD-4763-91FD-D57CCA3B9EB3}"
EndProject
Project("{2150E333-8FDC-42A3-9474-1A3956D46DE8}") = "Web", "Web", "{FF468523-E5BC-4883-973C-A0C3B082CA64}"
EndProject
Project("{9A19103F-16F7-4668-BE54-9A1E7A4F7556}") = "MeetAndGoApi", "..\..\Web\MeetAndGoApi\MeetAndGoApi.csproj", "{1C012F5C-2CD9-474F-B06F-D667CFF7866E}"
EndProject
Project("{9A19103F-16F7-4668-BE54-9A1E7A4F7556}") = "MeetAndGo.Shared", "..\..\Shared\MeetAndGo.Shared.csproj", "{AF47E3C5-9025-495D-B3CF-85D5999E3E6C}"
EndProject
Project("{2150E333-8FDC-42A3-9474-1A3956D46DE8}") = "Solution Items", "Solution Items", "{81137900-9503-4A1A-AACD-1C434155E21F}"
	ProjectSection(SolutionItems) = preProject
		Readme.txt = Readme.txt
	EndProjectSection
EndProject
Project("{2150E333-8FDC-42A3-9474-1A3956D46DE8}") = "Infrastructure", "Infrastructure", "{97B9FB3F-AC6C-4CF6-ACB7-D5A9BA66075C}"
EndProject
Project("{9A19103F-16F7-4668-BE54-9A1E7A4F7556}") = "MeetAndGoApi.Infrastructure.Dal", "..\..\Web\Infrastructure\MeetAndGoApi.Infrastructure.Dal\MeetAndGoApi.Infrastructure.Dal.csproj", "{50DD7D6D-ADE7-4E25-ACD4-1B4072C560F9}"
EndProject
Project("{2150E333-8FDC-42A3-9474-1A3956D46DE8}") = "Domain", "Domain", "{CD101728-1F14-49BF-8826-065F73B230E1}"
EndProject
Project("{9A19103F-16F7-4668-BE54-9A1E7A4F7556}") = "MeetAndGoApi.Infrastructure.Contracts", "..\..\Web\Infrastructure\MeetAndGoApi.Infrastructure.Contracts\MeetAndGoApi.Infrastructure.Contracts.csproj", "{33A819C9-C869-4734-9A94-BFBA4EDE9468}"
EndProject
Project("{9A19103F-16F7-4668-BE54-9A1E7A4F7556}") = "MeetAndGoApi.Domain.Services", "..\..\Web\Domain\MeetAndGoApi.Domain.Services\MeetAndGoApi.Domain.Services.csproj", "{461758E2-FC4E-4021-AECB-AD19D1E69932}"
EndProject
Project("{2150E333-8FDC-42A3-9474-1A3956D46DE8}") = "Tests", "Tests", "{E511D782-C7C6-4578-B4A1-26C4BCFBB8D2}"
EndProject
Project("{9A19103F-16F7-4668-BE54-9A1E7A4F7556}") = "MeetAndGoApi.UnitTests", "..\..\Web\Tests\MeetAndGoApi.UnitTests\MeetAndGoApi.UnitTests.csproj", "{A66F088E-6DF8-42EA-8E17-FEA6D625AB99}"
EndProject
Project("{9A19103F-16F7-4668-BE54-9A1E7A4F7556}") = "MeetAndGoApi.Infrastructure", "..\..\Web\Infrastructure\MeetAndGoApi.Infrastructure\MeetAndGoApi.Infrastructure.csproj", "{6C282316-A3BD-429C-AA2C-1DCE3CFC6606}"
EndProject
Global
	GlobalSection(SolutionConfigurationPlatforms) = preSolution
		Debug|Any CPU = Debug|Any CPU
		Release|Any CPU = Release|Any CPU
	EndGlobalSection
	GlobalSection(ProjectConfigurationPlatforms) = postSolution
		{1C012F5C-2CD9-474F-B06F-D667CFF7866E}.Debug|Any CPU.ActiveCfg = Debug|Any CPU
		{1C012F5C-2CD9-474F-B06F-D667CFF7866E}.Debug|Any CPU.Build.0 = Debug|Any CPU
		{1C012F5C-2CD9-474F-B06F-D667CFF7866E}.Release|Any CPU.ActiveCfg = Release|Any CPU
		{1C012F5C-2CD9-474F-B06F-D667CFF7866E}.Release|Any CPU.Build.0 = Release|Any CPU
		{AF47E3C5-9025-495D-B3CF-85D5999E3E6C}.Debug|Any CPU.ActiveCfg = Debug|Any CPU
		{AF47E3C5-9025-495D-B3CF-85D5999E3E6C}.Debug|Any CPU.Build.0 = Debug|Any CPU
		{AF47E3C5-9025-495D-B3CF-85D5999E3E6C}.Release|Any CPU.ActiveCfg = Release|Any CPU
		{AF47E3C5-9025-495D-B3CF-85D5999E3E6C}.Release|Any CPU.Build.0 = Release|Any CPU
		{50DD7D6D-ADE7-4E25-ACD4-1B4072C560F9}.Debug|Any CPU.ActiveCfg = Debug|Any CPU
		{50DD7D6D-ADE7-4E25-ACD4-1B4072C560F9}.Debug|Any CPU.Build.0 = Debug|Any CPU
		{50DD7D6D-ADE7-4E25-ACD4-1B4072C560F9}.Release|Any CPU.ActiveCfg = Release|Any CPU
		{50DD7D6D-ADE7-4E25-ACD4-1B4072C560F9}.Release|Any CPU.Build.0 = Release|Any CPU
		{33A819C9-C869-4734-9A94-BFBA4EDE9468}.Debug|Any CPU.ActiveCfg = Debug|Any CPU
		{33A819C9-C869-4734-9A94-BFBA4EDE9468}.Debug|Any CPU.Build.0 = Debug|Any CPU
		{33A819C9-C869-4734-9A94-BFBA4EDE9468}.Release|Any CPU.ActiveCfg = Release|Any CPU
		{33A819C9-C869-4734-9A94-BFBA4EDE9468}.Release|Any CPU.Build.0 = Release|Any CPU
		{461758E2-FC4E-4021-AECB-AD19D1E69932}.Debug|Any CPU.ActiveCfg = Debug|Any CPU
		{461758E2-FC4E-4021-AECB-AD19D1E69932}.Debug|Any CPU.Build.0 = Debug|Any CPU
		{461758E2-FC4E-4021-AECB-AD19D1E69932}.Release|Any CPU.ActiveCfg = Release|Any CPU
		{461758E2-FC4E-4021-AECB-AD19D1E69932}.Release|Any CPU.Build.0 = Release|Any CPU
		{A66F088E-6DF8-42EA-8E17-FEA6D625AB99}.Debug|Any CPU.ActiveCfg = Debug|Any CPU
		{A66F088E-6DF8-42EA-8E17-FEA6D625AB99}.Debug|Any CPU.Build.0 = Debug|Any CPU
		{A66F088E-6DF8-42EA-8E17-FEA6D625AB99}.Release|Any CPU.ActiveCfg = Release|Any CPU
		{A66F088E-6DF8-42EA-8E17-FEA6D625AB99}.Release|Any CPU.Build.0 = Release|Any CPU
		{6C282316-A3BD-429C-AA2C-1DCE3CFC6606}.Debug|Any CPU.ActiveCfg = Debug|Any CPU
		{6C282316-A3BD-429C-AA2C-1DCE3CFC6606}.Debug|Any CPU.Build.0 = Debug|Any CPU
		{6C282316-A3BD-429C-AA2C-1DCE3CFC6606}.Release|Any CPU.ActiveCfg = Release|Any CPU
		{6C282316-A3BD-429C-AA2C-1DCE3CFC6606}.Release|Any CPU.Build.0 = Release|Any CPU
	EndGlobalSection
	GlobalSection(SolutionProperties) = preSolution
		HideSolutionNode = FALSE
	EndGlobalSection
	GlobalSection(NestedProjects) = preSolution
		{1C012F5C-2CD9-474F-B06F-D667CFF7866E} = {FF468523-E5BC-4883-973C-A0C3B082CA64}
		{97B9FB3F-AC6C-4CF6-ACB7-D5A9BA66075C} = {FF468523-E5BC-4883-973C-A0C3B082CA64}
		{50DD7D6D-ADE7-4E25-ACD4-1B4072C560F9} = {97B9FB3F-AC6C-4CF6-ACB7-D5A9BA66075C}
		{CD101728-1F14-49BF-8826-065F73B230E1} = {FF468523-E5BC-4883-973C-A0C3B082CA64}
		{33A819C9-C869-4734-9A94-BFBA4EDE9468} = {97B9FB3F-AC6C-4CF6-ACB7-D5A9BA66075C}
		{461758E2-FC4E-4021-AECB-AD19D1E69932} = {CD101728-1F14-49BF-8826-065F73B230E1}
		{E511D782-C7C6-4578-B4A1-26C4BCFBB8D2} = {FF468523-E5BC-4883-973C-A0C3B082CA64}
		{A66F088E-6DF8-42EA-8E17-FEA6D625AB99} = {E511D782-C7C6-4578-B4A1-26C4BCFBB8D2}
		{6C282316-A3BD-429C-AA2C-1DCE3CFC6606} = {97B9FB3F-AC6C-4CF6-ACB7-D5A9BA66075C}
	EndGlobalSection
	GlobalSection(ExtensibilityGlobals) = postSolution
		SolutionGuid = {86D4894B-A5ED-4286-8192-55A70185FF62}
	EndGlobalSection
EndGlobal
