
Microsoft Visual Studio Solution File, Format Version 12.00
# Visual Studio 15
VisualStudioVersion = 15.0.27004.2005
MinimumVisualStudioVersion = 10.0.40219.1
Project("{FAE04EC0-301F-11D3-BF4B-00C04F79EFBC}") = "MeetAndGoMobile", "MeetAndGoMobile\MeetAndGoMobile\MeetAndGoMobile.csproj", "{F57D766B-B0C3-4FDE-AD74-8B4DF7BF123F}"
EndProject
Project("{FAE04EC0-301F-11D3-BF4B-00C04F79EFBC}") = "MeetAndGoMobile.Droid", "MeetAndGoMobile\MeetAndGoMobile.Droid\MeetAndGoMobile.Droid.csproj", "{21733F7D-7CFA-452D-AEDB-DCC0CB093DA0}"
EndProject
Project("{FAE04EC0-301F-11D3-BF4B-00C04F79EFBC}") = "MeetAndGoMobile.iOS", "MeetAndGoMobile\MeetAndGoMobile.iOS\MeetAndGoMobile.iOS.csproj", "{DF7D4A25-7743-45FF-AB75-65F32932452F}"
EndProject
Project("{FAE04EC0-301F-11D3-BF4B-00C04F79EFBC}") = "MeetAndGoMobile.UWP", "MeetAndGoMobile\MeetAndGoMobile.UWP\MeetAndGoMobile.UWP.csproj", "{065D612E-46A8-4EDF-AAC5-D091E1D66550}"
EndProject
Project("{2150E333-8FDC-42A3-9474-1A3956D46DE8}") = "Mobile", "Mobile", "{87CC9D0B-F7CD-4763-91FD-D57CCA3B9EB3}"
EndProject
Project("{2150E333-8FDC-42A3-9474-1A3956D46DE8}") = "Modules", "Modules", "{56DEAA96-5744-4647-993B-07EDFAA9108F}"
EndProject
Project("{2150E333-8FDC-42A3-9474-1A3956D46DE8}") = "Web", "Web", "{FF468523-E5BC-4883-973C-A0C3B082CA64}"
EndProject
Project("{FAE04EC0-301F-11D3-BF4B-00C04F79EFBC}") = "MeetAndGoWeb", "MeetAndGoWeb\MeetAndGoWeb.csproj", "{F5D3AC8D-5FEF-4A01-A915-51FDF0E74300}"
EndProject
Project("{FAE04EC0-301F-11D3-BF4B-00C04F79EFBC}") = "MeetAndGoMobile.Common", "MeetAndGoMobile\MeetAndGoMobile.Common\MeetAndGoMobile.Common\MeetAndGoMobile.Common.csproj", "{889087D9-B906-4125-8045-A3C55C69154E}"
EndProject
Project("{FAE04EC0-301F-11D3-BF4B-00C04F79EFBC}") = "LoginModule", "MeetAndGoMobile\Modules\LoginModule\LoginModule.csproj", "{DA7CDFE8-366F-4B37-BB8F-57DD6CC83F38}"
EndProject
Project("{FAE04EC0-301F-11D3-BF4B-00C04F79EFBC}") = "MeetingModule", "MeetAndGoMobile\Modules\MeetingModule\MeetingModule.csproj", "{A0527165-47E0-4038-B6B1-C6A1A38AF7A7}"
EndProject
Global
	GlobalSection(SolutionConfigurationPlatforms) = preSolution
		Ad-Hoc|Any CPU = Ad-Hoc|Any CPU
		Ad-Hoc|ARM = Ad-Hoc|ARM
		Ad-Hoc|iPhone = Ad-Hoc|iPhone
		Ad-Hoc|iPhoneSimulator = Ad-Hoc|iPhoneSimulator
		Ad-Hoc|x64 = Ad-Hoc|x64
		Ad-Hoc|x86 = Ad-Hoc|x86
		AppStore|Any CPU = AppStore|Any CPU
		AppStore|ARM = AppStore|ARM
		AppStore|iPhone = AppStore|iPhone
		AppStore|iPhoneSimulator = AppStore|iPhoneSimulator
		AppStore|x64 = AppStore|x64
		AppStore|x86 = AppStore|x86
		Debug|Any CPU = Debug|Any CPU
		Debug|ARM = Debug|ARM
		Debug|iPhone = Debug|iPhone
		Debug|iPhoneSimulator = Debug|iPhoneSimulator
		Debug|x64 = Debug|x64
		Debug|x86 = Debug|x86
		Release|Any CPU = Release|Any CPU
		Release|ARM = Release|ARM
		Release|iPhone = Release|iPhone
		Release|iPhoneSimulator = Release|iPhoneSimulator
		Release|x64 = Release|x64
		Release|x86 = Release|x86
	EndGlobalSection
	GlobalSection(ProjectConfigurationPlatforms) = postSolution
		{F57D766B-B0C3-4FDE-AD74-8B4DF7BF123F}.Ad-Hoc|Any CPU.ActiveCfg = Release|Any CPU
		{F57D766B-B0C3-4FDE-AD74-8B4DF7BF123F}.Ad-Hoc|Any CPU.Build.0 = Release|Any CPU
		{F57D766B-B0C3-4FDE-AD74-8B4DF7BF123F}.Ad-Hoc|ARM.ActiveCfg = Release|Any CPU
		{F57D766B-B0C3-4FDE-AD74-8B4DF7BF123F}.Ad-Hoc|ARM.Build.0 = Release|Any CPU
		{F57D766B-B0C3-4FDE-AD74-8B4DF7BF123F}.Ad-Hoc|iPhone.ActiveCfg = Release|Any CPU
		{F57D766B-B0C3-4FDE-AD74-8B4DF7BF123F}.Ad-Hoc|iPhone.Build.0 = Release|Any CPU
		{F57D766B-B0C3-4FDE-AD74-8B4DF7BF123F}.Ad-Hoc|iPhoneSimulator.ActiveCfg = Release|Any CPU
		{F57D766B-B0C3-4FDE-AD74-8B4DF7BF123F}.Ad-Hoc|iPhoneSimulator.Build.0 = Release|Any CPU
		{F57D766B-B0C3-4FDE-AD74-8B4DF7BF123F}.Ad-Hoc|x64.ActiveCfg = Release|Any CPU
		{F57D766B-B0C3-4FDE-AD74-8B4DF7BF123F}.Ad-Hoc|x64.Build.0 = Release|Any CPU
		{F57D766B-B0C3-4FDE-AD74-8B4DF7BF123F}.Ad-Hoc|x86.ActiveCfg = Release|Any CPU
		{F57D766B-B0C3-4FDE-AD74-8B4DF7BF123F}.Ad-Hoc|x86.Build.0 = Release|Any CPU
		{F57D766B-B0C3-4FDE-AD74-8B4DF7BF123F}.AppStore|Any CPU.ActiveCfg = Release|Any CPU
		{F57D766B-B0C3-4FDE-AD74-8B4DF7BF123F}.AppStore|Any CPU.Build.0 = Release|Any CPU
		{F57D766B-B0C3-4FDE-AD74-8B4DF7BF123F}.AppStore|ARM.ActiveCfg = Release|Any CPU
		{F57D766B-B0C3-4FDE-AD74-8B4DF7BF123F}.AppStore|ARM.Build.0 = Release|Any CPU
		{F57D766B-B0C3-4FDE-AD74-8B4DF7BF123F}.AppStore|iPhone.ActiveCfg = Release|Any CPU
		{F57D766B-B0C3-4FDE-AD74-8B4DF7BF123F}.AppStore|iPhone.Build.0 = Release|Any CPU
		{F57D766B-B0C3-4FDE-AD74-8B4DF7BF123F}.AppStore|iPhoneSimulator.ActiveCfg = Release|Any CPU
		{F57D766B-B0C3-4FDE-AD74-8B4DF7BF123F}.AppStore|iPhoneSimulator.Build.0 = Release|Any CPU
		{F57D766B-B0C3-4FDE-AD74-8B4DF7BF123F}.AppStore|x64.ActiveCfg = Release|Any CPU
		{F57D766B-B0C3-4FDE-AD74-8B4DF7BF123F}.AppStore|x64.Build.0 = Release|Any CPU
		{F57D766B-B0C3-4FDE-AD74-8B4DF7BF123F}.AppStore|x86.ActiveCfg = Release|Any CPU
		{F57D766B-B0C3-4FDE-AD74-8B4DF7BF123F}.AppStore|x86.Build.0 = Release|Any CPU
		{F57D766B-B0C3-4FDE-AD74-8B4DF7BF123F}.Debug|Any CPU.ActiveCfg = Debug|Any CPU
		{F57D766B-B0C3-4FDE-AD74-8B4DF7BF123F}.Debug|Any CPU.Build.0 = Debug|Any CPU
		{F57D766B-B0C3-4FDE-AD74-8B4DF7BF123F}.Debug|ARM.ActiveCfg = Debug|Any CPU
		{F57D766B-B0C3-4FDE-AD74-8B4DF7BF123F}.Debug|ARM.Build.0 = Debug|Any CPU
		{F57D766B-B0C3-4FDE-AD74-8B4DF7BF123F}.Debug|iPhone.ActiveCfg = Debug|Any CPU
		{F57D766B-B0C3-4FDE-AD74-8B4DF7BF123F}.Debug|iPhone.Build.0 = Debug|Any CPU
		{F57D766B-B0C3-4FDE-AD74-8B4DF7BF123F}.Debug|iPhoneSimulator.ActiveCfg = Debug|Any CPU
		{F57D766B-B0C3-4FDE-AD74-8B4DF7BF123F}.Debug|iPhoneSimulator.Build.0 = Debug|Any CPU
		{F57D766B-B0C3-4FDE-AD74-8B4DF7BF123F}.Debug|x64.ActiveCfg = Debug|Any CPU
		{F57D766B-B0C3-4FDE-AD74-8B4DF7BF123F}.Debug|x64.Build.0 = Debug|Any CPU
		{F57D766B-B0C3-4FDE-AD74-8B4DF7BF123F}.Debug|x86.ActiveCfg = Debug|Any CPU
		{F57D766B-B0C3-4FDE-AD74-8B4DF7BF123F}.Debug|x86.Build.0 = Debug|Any CPU
		{F57D766B-B0C3-4FDE-AD74-8B4DF7BF123F}.Release|Any CPU.ActiveCfg = Release|Any CPU
		{F57D766B-B0C3-4FDE-AD74-8B4DF7BF123F}.Release|Any CPU.Build.0 = Release|Any CPU
		{F57D766B-B0C3-4FDE-AD74-8B4DF7BF123F}.Release|ARM.ActiveCfg = Release|Any CPU
		{F57D766B-B0C3-4FDE-AD74-8B4DF7BF123F}.Release|ARM.Build.0 = Release|Any CPU
		{F57D766B-B0C3-4FDE-AD74-8B4DF7BF123F}.Release|iPhone.ActiveCfg = Release|Any CPU
		{F57D766B-B0C3-4FDE-AD74-8B4DF7BF123F}.Release|iPhone.Build.0 = Release|Any CPU
		{F57D766B-B0C3-4FDE-AD74-8B4DF7BF123F}.Release|iPhoneSimulator.ActiveCfg = Release|Any CPU
		{F57D766B-B0C3-4FDE-AD74-8B4DF7BF123F}.Release|iPhoneSimulator.Build.0 = Release|Any CPU
		{F57D766B-B0C3-4FDE-AD74-8B4DF7BF123F}.Release|x64.ActiveCfg = Release|Any CPU
		{F57D766B-B0C3-4FDE-AD74-8B4DF7BF123F}.Release|x64.Build.0 = Release|Any CPU
		{F57D766B-B0C3-4FDE-AD74-8B4DF7BF123F}.Release|x86.ActiveCfg = Release|Any CPU
		{F57D766B-B0C3-4FDE-AD74-8B4DF7BF123F}.Release|x86.Build.0 = Release|Any CPU
		{21733F7D-7CFA-452D-AEDB-DCC0CB093DA0}.Ad-Hoc|Any CPU.ActiveCfg = Release|Any CPU
		{21733F7D-7CFA-452D-AEDB-DCC0CB093DA0}.Ad-Hoc|Any CPU.Build.0 = Release|Any CPU
		{21733F7D-7CFA-452D-AEDB-DCC0CB093DA0}.Ad-Hoc|Any CPU.Deploy.0 = Release|Any CPU
		{21733F7D-7CFA-452D-AEDB-DCC0CB093DA0}.Ad-Hoc|ARM.ActiveCfg = Release|Any CPU
		{21733F7D-7CFA-452D-AEDB-DCC0CB093DA0}.Ad-Hoc|ARM.Build.0 = Release|Any CPU
		{21733F7D-7CFA-452D-AEDB-DCC0CB093DA0}.Ad-Hoc|ARM.Deploy.0 = Release|Any CPU
		{21733F7D-7CFA-452D-AEDB-DCC0CB093DA0}.Ad-Hoc|iPhone.ActiveCfg = Release|Any CPU
		{21733F7D-7CFA-452D-AEDB-DCC0CB093DA0}.Ad-Hoc|iPhone.Build.0 = Release|Any CPU
		{21733F7D-7CFA-452D-AEDB-DCC0CB093DA0}.Ad-Hoc|iPhone.Deploy.0 = Release|Any CPU
		{21733F7D-7CFA-452D-AEDB-DCC0CB093DA0}.Ad-Hoc|iPhoneSimulator.ActiveCfg = Release|Any CPU
		{21733F7D-7CFA-452D-AEDB-DCC0CB093DA0}.Ad-Hoc|iPhoneSimulator.Build.0 = Release|Any CPU
		{21733F7D-7CFA-452D-AEDB-DCC0CB093DA0}.Ad-Hoc|iPhoneSimulator.Deploy.0 = Release|Any CPU
		{21733F7D-7CFA-452D-AEDB-DCC0CB093DA0}.Ad-Hoc|x64.ActiveCfg = Release|Any CPU
		{21733F7D-7CFA-452D-AEDB-DCC0CB093DA0}.Ad-Hoc|x64.Build.0 = Release|Any CPU
		{21733F7D-7CFA-452D-AEDB-DCC0CB093DA0}.Ad-Hoc|x64.Deploy.0 = Release|Any CPU
		{21733F7D-7CFA-452D-AEDB-DCC0CB093DA0}.Ad-Hoc|x86.ActiveCfg = Release|Any CPU
		{21733F7D-7CFA-452D-AEDB-DCC0CB093DA0}.Ad-Hoc|x86.Build.0 = Release|Any CPU
		{21733F7D-7CFA-452D-AEDB-DCC0CB093DA0}.Ad-Hoc|x86.Deploy.0 = Release|Any CPU
		{21733F7D-7CFA-452D-AEDB-DCC0CB093DA0}.AppStore|Any CPU.ActiveCfg = Release|Any CPU
		{21733F7D-7CFA-452D-AEDB-DCC0CB093DA0}.AppStore|Any CPU.Build.0 = Release|Any CPU
		{21733F7D-7CFA-452D-AEDB-DCC0CB093DA0}.AppStore|Any CPU.Deploy.0 = Release|Any CPU
		{21733F7D-7CFA-452D-AEDB-DCC0CB093DA0}.AppStore|ARM.ActiveCfg = Release|Any CPU
		{21733F7D-7CFA-452D-AEDB-DCC0CB093DA0}.AppStore|ARM.Build.0 = Release|Any CPU
		{21733F7D-7CFA-452D-AEDB-DCC0CB093DA0}.AppStore|ARM.Deploy.0 = Release|Any CPU
		{21733F7D-7CFA-452D-AEDB-DCC0CB093DA0}.AppStore|iPhone.ActiveCfg = Release|Any CPU
		{21733F7D-7CFA-452D-AEDB-DCC0CB093DA0}.AppStore|iPhone.Build.0 = Release|Any CPU
		{21733F7D-7CFA-452D-AEDB-DCC0CB093DA0}.AppStore|iPhone.Deploy.0 = Release|Any CPU
		{21733F7D-7CFA-452D-AEDB-DCC0CB093DA0}.AppStore|iPhoneSimulator.ActiveCfg = Release|Any CPU
		{21733F7D-7CFA-452D-AEDB-DCC0CB093DA0}.AppStore|iPhoneSimulator.Build.0 = Release|Any CPU
		{21733F7D-7CFA-452D-AEDB-DCC0CB093DA0}.AppStore|iPhoneSimulator.Deploy.0 = Release|Any CPU
		{21733F7D-7CFA-452D-AEDB-DCC0CB093DA0}.AppStore|x64.ActiveCfg = Release|Any CPU
		{21733F7D-7CFA-452D-AEDB-DCC0CB093DA0}.AppStore|x64.Build.0 = Release|Any CPU
		{21733F7D-7CFA-452D-AEDB-DCC0CB093DA0}.AppStore|x64.Deploy.0 = Release|Any CPU
		{21733F7D-7CFA-452D-AEDB-DCC0CB093DA0}.AppStore|x86.ActiveCfg = Release|Any CPU
		{21733F7D-7CFA-452D-AEDB-DCC0CB093DA0}.AppStore|x86.Build.0 = Release|Any CPU
		{21733F7D-7CFA-452D-AEDB-DCC0CB093DA0}.AppStore|x86.Deploy.0 = Release|Any CPU
		{21733F7D-7CFA-452D-AEDB-DCC0CB093DA0}.Debug|Any CPU.ActiveCfg = Debug|Any CPU
		{21733F7D-7CFA-452D-AEDB-DCC0CB093DA0}.Debug|Any CPU.Build.0 = Debug|Any CPU
		{21733F7D-7CFA-452D-AEDB-DCC0CB093DA0}.Debug|Any CPU.Deploy.0 = Debug|Any CPU
		{21733F7D-7CFA-452D-AEDB-DCC0CB093DA0}.Debug|ARM.ActiveCfg = Debug|Any CPU
		{21733F7D-7CFA-452D-AEDB-DCC0CB093DA0}.Debug|ARM.Build.0 = Debug|Any CPU
		{21733F7D-7CFA-452D-AEDB-DCC0CB093DA0}.Debug|ARM.Deploy.0 = Debug|Any CPU
		{21733F7D-7CFA-452D-AEDB-DCC0CB093DA0}.Debug|iPhone.ActiveCfg = Debug|Any CPU
		{21733F7D-7CFA-452D-AEDB-DCC0CB093DA0}.Debug|iPhone.Build.0 = Debug|Any CPU
		{21733F7D-7CFA-452D-AEDB-DCC0CB093DA0}.Debug|iPhone.Deploy.0 = Debug|Any CPU
		{21733F7D-7CFA-452D-AEDB-DCC0CB093DA0}.Debug|iPhoneSimulator.ActiveCfg = Debug|Any CPU
		{21733F7D-7CFA-452D-AEDB-DCC0CB093DA0}.Debug|iPhoneSimulator.Build.0 = Debug|Any CPU
		{21733F7D-7CFA-452D-AEDB-DCC0CB093DA0}.Debug|iPhoneSimulator.Deploy.0 = Debug|Any CPU
		{21733F7D-7CFA-452D-AEDB-DCC0CB093DA0}.Debug|x64.ActiveCfg = Debug|Any CPU
		{21733F7D-7CFA-452D-AEDB-DCC0CB093DA0}.Debug|x64.Build.0 = Debug|Any CPU
		{21733F7D-7CFA-452D-AEDB-DCC0CB093DA0}.Debug|x64.Deploy.0 = Debug|Any CPU
		{21733F7D-7CFA-452D-AEDB-DCC0CB093DA0}.Debug|x86.ActiveCfg = Debug|Any CPU
		{21733F7D-7CFA-452D-AEDB-DCC0CB093DA0}.Debug|x86.Build.0 = Debug|Any CPU
		{21733F7D-7CFA-452D-AEDB-DCC0CB093DA0}.Debug|x86.Deploy.0 = Debug|Any CPU
		{21733F7D-7CFA-452D-AEDB-DCC0CB093DA0}.Release|Any CPU.ActiveCfg = Release|Any CPU
		{21733F7D-7CFA-452D-AEDB-DCC0CB093DA0}.Release|Any CPU.Build.0 = Release|Any CPU
		{21733F7D-7CFA-452D-AEDB-DCC0CB093DA0}.Release|Any CPU.Deploy.0 = Release|Any CPU
		{21733F7D-7CFA-452D-AEDB-DCC0CB093DA0}.Release|ARM.ActiveCfg = Release|Any CPU
		{21733F7D-7CFA-452D-AEDB-DCC0CB093DA0}.Release|ARM.Build.0 = Release|Any CPU
		{21733F7D-7CFA-452D-AEDB-DCC0CB093DA0}.Release|ARM.Deploy.0 = Release|Any CPU
		{21733F7D-7CFA-452D-AEDB-DCC0CB093DA0}.Release|iPhone.ActiveCfg = Release|Any CPU
		{21733F7D-7CFA-452D-AEDB-DCC0CB093DA0}.Release|iPhone.Build.0 = Release|Any CPU
		{21733F7D-7CFA-452D-AEDB-DCC0CB093DA0}.Release|iPhone.Deploy.0 = Release|Any CPU
		{21733F7D-7CFA-452D-AEDB-DCC0CB093DA0}.Release|iPhoneSimulator.ActiveCfg = Release|Any CPU
		{21733F7D-7CFA-452D-AEDB-DCC0CB093DA0}.Release|iPhoneSimulator.Build.0 = Release|Any CPU
		{21733F7D-7CFA-452D-AEDB-DCC0CB093DA0}.Release|iPhoneSimulator.Deploy.0 = Release|Any CPU
		{21733F7D-7CFA-452D-AEDB-DCC0CB093DA0}.Release|x64.ActiveCfg = Release|Any CPU
		{21733F7D-7CFA-452D-AEDB-DCC0CB093DA0}.Release|x64.Build.0 = Release|Any CPU
		{21733F7D-7CFA-452D-AEDB-DCC0CB093DA0}.Release|x64.Deploy.0 = Release|Any CPU
		{21733F7D-7CFA-452D-AEDB-DCC0CB093DA0}.Release|x86.ActiveCfg = Release|Any CPU
		{21733F7D-7CFA-452D-AEDB-DCC0CB093DA0}.Release|x86.Build.0 = Release|Any CPU
		{21733F7D-7CFA-452D-AEDB-DCC0CB093DA0}.Release|x86.Deploy.0 = Release|Any CPU
		{DF7D4A25-7743-45FF-AB75-65F32932452F}.Ad-Hoc|Any CPU.ActiveCfg = Ad-Hoc|iPhone
		{DF7D4A25-7743-45FF-AB75-65F32932452F}.Ad-Hoc|ARM.ActiveCfg = Ad-Hoc|iPhone
		{DF7D4A25-7743-45FF-AB75-65F32932452F}.Ad-Hoc|iPhone.ActiveCfg = Ad-Hoc|iPhone
		{DF7D4A25-7743-45FF-AB75-65F32932452F}.Ad-Hoc|iPhone.Build.0 = Ad-Hoc|iPhone
		{DF7D4A25-7743-45FF-AB75-65F32932452F}.Ad-Hoc|iPhoneSimulator.ActiveCfg = Ad-Hoc|iPhoneSimulator
		{DF7D4A25-7743-45FF-AB75-65F32932452F}.Ad-Hoc|iPhoneSimulator.Build.0 = Ad-Hoc|iPhoneSimulator
		{DF7D4A25-7743-45FF-AB75-65F32932452F}.Ad-Hoc|x64.ActiveCfg = Ad-Hoc|iPhone
		{DF7D4A25-7743-45FF-AB75-65F32932452F}.Ad-Hoc|x86.ActiveCfg = Ad-Hoc|iPhone
		{DF7D4A25-7743-45FF-AB75-65F32932452F}.AppStore|Any CPU.ActiveCfg = AppStore|iPhone
		{DF7D4A25-7743-45FF-AB75-65F32932452F}.AppStore|ARM.ActiveCfg = AppStore|iPhone
		{DF7D4A25-7743-45FF-AB75-65F32932452F}.AppStore|iPhone.ActiveCfg = AppStore|iPhone
		{DF7D4A25-7743-45FF-AB75-65F32932452F}.AppStore|iPhone.Build.0 = AppStore|iPhone
		{DF7D4A25-7743-45FF-AB75-65F32932452F}.AppStore|iPhoneSimulator.ActiveCfg = AppStore|iPhoneSimulator
		{DF7D4A25-7743-45FF-AB75-65F32932452F}.AppStore|iPhoneSimulator.Build.0 = AppStore|iPhoneSimulator
		{DF7D4A25-7743-45FF-AB75-65F32932452F}.AppStore|x64.ActiveCfg = AppStore|iPhone
		{DF7D4A25-7743-45FF-AB75-65F32932452F}.AppStore|x86.ActiveCfg = AppStore|iPhone
		{DF7D4A25-7743-45FF-AB75-65F32932452F}.Debug|Any CPU.ActiveCfg = Debug|iPhone
		{DF7D4A25-7743-45FF-AB75-65F32932452F}.Debug|ARM.ActiveCfg = Debug|iPhone
		{DF7D4A25-7743-45FF-AB75-65F32932452F}.Debug|iPhone.ActiveCfg = Debug|iPhone
		{DF7D4A25-7743-45FF-AB75-65F32932452F}.Debug|iPhone.Build.0 = Debug|iPhone
		{DF7D4A25-7743-45FF-AB75-65F32932452F}.Debug|iPhoneSimulator.ActiveCfg = Debug|iPhoneSimulator
		{DF7D4A25-7743-45FF-AB75-65F32932452F}.Debug|iPhoneSimulator.Build.0 = Debug|iPhoneSimulator
		{DF7D4A25-7743-45FF-AB75-65F32932452F}.Debug|x64.ActiveCfg = Debug|iPhone
		{DF7D4A25-7743-45FF-AB75-65F32932452F}.Debug|x86.ActiveCfg = Debug|iPhone
		{DF7D4A25-7743-45FF-AB75-65F32932452F}.Release|Any CPU.ActiveCfg = Release|iPhone
		{DF7D4A25-7743-45FF-AB75-65F32932452F}.Release|ARM.ActiveCfg = Release|iPhone
		{DF7D4A25-7743-45FF-AB75-65F32932452F}.Release|iPhone.ActiveCfg = Release|iPhone
		{DF7D4A25-7743-45FF-AB75-65F32932452F}.Release|iPhone.Build.0 = Release|iPhone
		{DF7D4A25-7743-45FF-AB75-65F32932452F}.Release|iPhoneSimulator.ActiveCfg = Release|iPhoneSimulator
		{DF7D4A25-7743-45FF-AB75-65F32932452F}.Release|iPhoneSimulator.Build.0 = Release|iPhoneSimulator
		{DF7D4A25-7743-45FF-AB75-65F32932452F}.Release|x64.ActiveCfg = Release|iPhone
		{DF7D4A25-7743-45FF-AB75-65F32932452F}.Release|x86.ActiveCfg = Release|iPhone
		{065D612E-46A8-4EDF-AAC5-D091E1D66550}.Ad-Hoc|Any CPU.ActiveCfg = Release|x86
		{065D612E-46A8-4EDF-AAC5-D091E1D66550}.Ad-Hoc|Any CPU.Build.0 = Release|x86
		{065D612E-46A8-4EDF-AAC5-D091E1D66550}.Ad-Hoc|Any CPU.Deploy.0 = Release|x86
		{065D612E-46A8-4EDF-AAC5-D091E1D66550}.Ad-Hoc|ARM.ActiveCfg = Release|ARM
		{065D612E-46A8-4EDF-AAC5-D091E1D66550}.Ad-Hoc|ARM.Build.0 = Release|ARM
		{065D612E-46A8-4EDF-AAC5-D091E1D66550}.Ad-Hoc|ARM.Deploy.0 = Release|ARM
		{065D612E-46A8-4EDF-AAC5-D091E1D66550}.Ad-Hoc|iPhone.ActiveCfg = Release|x86
		{065D612E-46A8-4EDF-AAC5-D091E1D66550}.Ad-Hoc|iPhone.Build.0 = Release|x86
		{065D612E-46A8-4EDF-AAC5-D091E1D66550}.Ad-Hoc|iPhone.Deploy.0 = Release|x86
		{065D612E-46A8-4EDF-AAC5-D091E1D66550}.Ad-Hoc|iPhoneSimulator.ActiveCfg = Release|x86
		{065D612E-46A8-4EDF-AAC5-D091E1D66550}.Ad-Hoc|iPhoneSimulator.Build.0 = Release|x86
		{065D612E-46A8-4EDF-AAC5-D091E1D66550}.Ad-Hoc|iPhoneSimulator.Deploy.0 = Release|x86
		{065D612E-46A8-4EDF-AAC5-D091E1D66550}.Ad-Hoc|x64.ActiveCfg = Release|x64
		{065D612E-46A8-4EDF-AAC5-D091E1D66550}.Ad-Hoc|x64.Build.0 = Release|x64
		{065D612E-46A8-4EDF-AAC5-D091E1D66550}.Ad-Hoc|x64.Deploy.0 = Release|x64
		{065D612E-46A8-4EDF-AAC5-D091E1D66550}.Ad-Hoc|x86.ActiveCfg = Release|x86
		{065D612E-46A8-4EDF-AAC5-D091E1D66550}.Ad-Hoc|x86.Build.0 = Release|x86
		{065D612E-46A8-4EDF-AAC5-D091E1D66550}.Ad-Hoc|x86.Deploy.0 = Release|x86
		{065D612E-46A8-4EDF-AAC5-D091E1D66550}.AppStore|Any CPU.ActiveCfg = Release|x86
		{065D612E-46A8-4EDF-AAC5-D091E1D66550}.AppStore|Any CPU.Build.0 = Release|x86
		{065D612E-46A8-4EDF-AAC5-D091E1D66550}.AppStore|Any CPU.Deploy.0 = Release|x86
		{065D612E-46A8-4EDF-AAC5-D091E1D66550}.AppStore|ARM.ActiveCfg = Release|ARM
		{065D612E-46A8-4EDF-AAC5-D091E1D66550}.AppStore|ARM.Build.0 = Release|ARM
		{065D612E-46A8-4EDF-AAC5-D091E1D66550}.AppStore|ARM.Deploy.0 = Release|ARM
		{065D612E-46A8-4EDF-AAC5-D091E1D66550}.AppStore|iPhone.ActiveCfg = Release|x86
		{065D612E-46A8-4EDF-AAC5-D091E1D66550}.AppStore|iPhone.Build.0 = Release|x86
		{065D612E-46A8-4EDF-AAC5-D091E1D66550}.AppStore|iPhone.Deploy.0 = Release|x86
		{065D612E-46A8-4EDF-AAC5-D091E1D66550}.AppStore|iPhoneSimulator.ActiveCfg = Release|x86
		{065D612E-46A8-4EDF-AAC5-D091E1D66550}.AppStore|iPhoneSimulator.Build.0 = Release|x86
		{065D612E-46A8-4EDF-AAC5-D091E1D66550}.AppStore|iPhoneSimulator.Deploy.0 = Release|x86
		{065D612E-46A8-4EDF-AAC5-D091E1D66550}.AppStore|x64.ActiveCfg = Release|x64
		{065D612E-46A8-4EDF-AAC5-D091E1D66550}.AppStore|x64.Build.0 = Release|x64
		{065D612E-46A8-4EDF-AAC5-D091E1D66550}.AppStore|x64.Deploy.0 = Release|x64
		{065D612E-46A8-4EDF-AAC5-D091E1D66550}.AppStore|x86.ActiveCfg = Release|x86
		{065D612E-46A8-4EDF-AAC5-D091E1D66550}.AppStore|x86.Build.0 = Release|x86
		{065D612E-46A8-4EDF-AAC5-D091E1D66550}.AppStore|x86.Deploy.0 = Release|x86
		{065D612E-46A8-4EDF-AAC5-D091E1D66550}.Debug|Any CPU.ActiveCfg = Debug|x86
		{065D612E-46A8-4EDF-AAC5-D091E1D66550}.Debug|Any CPU.Build.0 = Debug|x86
		{065D612E-46A8-4EDF-AAC5-D091E1D66550}.Debug|Any CPU.Deploy.0 = Debug|x86
		{065D612E-46A8-4EDF-AAC5-D091E1D66550}.Debug|ARM.ActiveCfg = Debug|ARM
		{065D612E-46A8-4EDF-AAC5-D091E1D66550}.Debug|ARM.Build.0 = Debug|ARM
		{065D612E-46A8-4EDF-AAC5-D091E1D66550}.Debug|ARM.Deploy.0 = Debug|ARM
		{065D612E-46A8-4EDF-AAC5-D091E1D66550}.Debug|iPhone.ActiveCfg = Debug|x86
		{065D612E-46A8-4EDF-AAC5-D091E1D66550}.Debug|iPhoneSimulator.ActiveCfg = Debug|x86
		{065D612E-46A8-4EDF-AAC5-D091E1D66550}.Debug|x64.ActiveCfg = Debug|x64
		{065D612E-46A8-4EDF-AAC5-D091E1D66550}.Debug|x64.Build.0 = Debug|x64
		{065D612E-46A8-4EDF-AAC5-D091E1D66550}.Debug|x64.Deploy.0 = Debug|x64
		{065D612E-46A8-4EDF-AAC5-D091E1D66550}.Debug|x86.ActiveCfg = Debug|x86
		{065D612E-46A8-4EDF-AAC5-D091E1D66550}.Debug|x86.Build.0 = Debug|x86
		{065D612E-46A8-4EDF-AAC5-D091E1D66550}.Debug|x86.Deploy.0 = Debug|x86
		{065D612E-46A8-4EDF-AAC5-D091E1D66550}.Release|Any CPU.ActiveCfg = Release|x86
		{065D612E-46A8-4EDF-AAC5-D091E1D66550}.Release|ARM.ActiveCfg = Release|ARM
		{065D612E-46A8-4EDF-AAC5-D091E1D66550}.Release|ARM.Build.0 = Release|ARM
		{065D612E-46A8-4EDF-AAC5-D091E1D66550}.Release|ARM.Deploy.0 = Release|ARM
		{065D612E-46A8-4EDF-AAC5-D091E1D66550}.Release|iPhone.ActiveCfg = Release|x86
		{065D612E-46A8-4EDF-AAC5-D091E1D66550}.Release|iPhoneSimulator.ActiveCfg = Release|x86
		{065D612E-46A8-4EDF-AAC5-D091E1D66550}.Release|x64.ActiveCfg = Release|x64
		{065D612E-46A8-4EDF-AAC5-D091E1D66550}.Release|x64.Build.0 = Release|x64
		{065D612E-46A8-4EDF-AAC5-D091E1D66550}.Release|x64.Deploy.0 = Release|x64
		{065D612E-46A8-4EDF-AAC5-D091E1D66550}.Release|x86.ActiveCfg = Release|x86
		{065D612E-46A8-4EDF-AAC5-D091E1D66550}.Release|x86.Build.0 = Release|x86
		{065D612E-46A8-4EDF-AAC5-D091E1D66550}.Release|x86.Deploy.0 = Release|x86
		{F5D3AC8D-5FEF-4A01-A915-51FDF0E74300}.Ad-Hoc|Any CPU.ActiveCfg = Release|Any CPU
		{F5D3AC8D-5FEF-4A01-A915-51FDF0E74300}.Ad-Hoc|Any CPU.Build.0 = Release|Any CPU
		{F5D3AC8D-5FEF-4A01-A915-51FDF0E74300}.Ad-Hoc|ARM.ActiveCfg = Release|Any CPU
		{F5D3AC8D-5FEF-4A01-A915-51FDF0E74300}.Ad-Hoc|ARM.Build.0 = Release|Any CPU
		{F5D3AC8D-5FEF-4A01-A915-51FDF0E74300}.Ad-Hoc|iPhone.ActiveCfg = Release|Any CPU
		{F5D3AC8D-5FEF-4A01-A915-51FDF0E74300}.Ad-Hoc|iPhone.Build.0 = Release|Any CPU
		{F5D3AC8D-5FEF-4A01-A915-51FDF0E74300}.Ad-Hoc|iPhoneSimulator.ActiveCfg = Release|Any CPU
		{F5D3AC8D-5FEF-4A01-A915-51FDF0E74300}.Ad-Hoc|iPhoneSimulator.Build.0 = Release|Any CPU
		{F5D3AC8D-5FEF-4A01-A915-51FDF0E74300}.Ad-Hoc|x64.ActiveCfg = Release|Any CPU
		{F5D3AC8D-5FEF-4A01-A915-51FDF0E74300}.Ad-Hoc|x64.Build.0 = Release|Any CPU
		{F5D3AC8D-5FEF-4A01-A915-51FDF0E74300}.Ad-Hoc|x86.ActiveCfg = Release|Any CPU
		{F5D3AC8D-5FEF-4A01-A915-51FDF0E74300}.Ad-Hoc|x86.Build.0 = Release|Any CPU
		{F5D3AC8D-5FEF-4A01-A915-51FDF0E74300}.AppStore|Any CPU.ActiveCfg = Release|Any CPU
		{F5D3AC8D-5FEF-4A01-A915-51FDF0E74300}.AppStore|Any CPU.Build.0 = Release|Any CPU
		{F5D3AC8D-5FEF-4A01-A915-51FDF0E74300}.AppStore|ARM.ActiveCfg = Release|Any CPU
		{F5D3AC8D-5FEF-4A01-A915-51FDF0E74300}.AppStore|ARM.Build.0 = Release|Any CPU
		{F5D3AC8D-5FEF-4A01-A915-51FDF0E74300}.AppStore|iPhone.ActiveCfg = Release|Any CPU
		{F5D3AC8D-5FEF-4A01-A915-51FDF0E74300}.AppStore|iPhone.Build.0 = Release|Any CPU
		{F5D3AC8D-5FEF-4A01-A915-51FDF0E74300}.AppStore|iPhoneSimulator.ActiveCfg = Release|Any CPU
		{F5D3AC8D-5FEF-4A01-A915-51FDF0E74300}.AppStore|iPhoneSimulator.Build.0 = Release|Any CPU
		{F5D3AC8D-5FEF-4A01-A915-51FDF0E74300}.AppStore|x64.ActiveCfg = Release|Any CPU
		{F5D3AC8D-5FEF-4A01-A915-51FDF0E74300}.AppStore|x64.Build.0 = Release|Any CPU
		{F5D3AC8D-5FEF-4A01-A915-51FDF0E74300}.AppStore|x86.ActiveCfg = Release|Any CPU
		{F5D3AC8D-5FEF-4A01-A915-51FDF0E74300}.AppStore|x86.Build.0 = Release|Any CPU
		{F5D3AC8D-5FEF-4A01-A915-51FDF0E74300}.Debug|Any CPU.ActiveCfg = Debug|Any CPU
		{F5D3AC8D-5FEF-4A01-A915-51FDF0E74300}.Debug|Any CPU.Build.0 = Debug|Any CPU
		{F5D3AC8D-5FEF-4A01-A915-51FDF0E74300}.Debug|ARM.ActiveCfg = Debug|Any CPU
		{F5D3AC8D-5FEF-4A01-A915-51FDF0E74300}.Debug|ARM.Build.0 = Debug|Any CPU
		{F5D3AC8D-5FEF-4A01-A915-51FDF0E74300}.Debug|iPhone.ActiveCfg = Debug|Any CPU
		{F5D3AC8D-5FEF-4A01-A915-51FDF0E74300}.Debug|iPhone.Build.0 = Debug|Any CPU
		{F5D3AC8D-5FEF-4A01-A915-51FDF0E74300}.Debug|iPhoneSimulator.ActiveCfg = Debug|Any CPU
		{F5D3AC8D-5FEF-4A01-A915-51FDF0E74300}.Debug|iPhoneSimulator.Build.0 = Debug|Any CPU
		{F5D3AC8D-5FEF-4A01-A915-51FDF0E74300}.Debug|x64.ActiveCfg = Debug|Any CPU
		{F5D3AC8D-5FEF-4A01-A915-51FDF0E74300}.Debug|x64.Build.0 = Debug|Any CPU
		{F5D3AC8D-5FEF-4A01-A915-51FDF0E74300}.Debug|x86.ActiveCfg = Debug|Any CPU
		{F5D3AC8D-5FEF-4A01-A915-51FDF0E74300}.Debug|x86.Build.0 = Debug|Any CPU
		{F5D3AC8D-5FEF-4A01-A915-51FDF0E74300}.Release|Any CPU.ActiveCfg = Release|Any CPU
		{F5D3AC8D-5FEF-4A01-A915-51FDF0E74300}.Release|Any CPU.Build.0 = Release|Any CPU
		{F5D3AC8D-5FEF-4A01-A915-51FDF0E74300}.Release|ARM.ActiveCfg = Release|Any CPU
		{F5D3AC8D-5FEF-4A01-A915-51FDF0E74300}.Release|ARM.Build.0 = Release|Any CPU
		{F5D3AC8D-5FEF-4A01-A915-51FDF0E74300}.Release|iPhone.ActiveCfg = Release|Any CPU
		{F5D3AC8D-5FEF-4A01-A915-51FDF0E74300}.Release|iPhone.Build.0 = Release|Any CPU
		{F5D3AC8D-5FEF-4A01-A915-51FDF0E74300}.Release|iPhoneSimulator.ActiveCfg = Release|Any CPU
		{F5D3AC8D-5FEF-4A01-A915-51FDF0E74300}.Release|iPhoneSimulator.Build.0 = Release|Any CPU
		{F5D3AC8D-5FEF-4A01-A915-51FDF0E74300}.Release|x64.ActiveCfg = Release|Any CPU
		{F5D3AC8D-5FEF-4A01-A915-51FDF0E74300}.Release|x64.Build.0 = Release|Any CPU
		{F5D3AC8D-5FEF-4A01-A915-51FDF0E74300}.Release|x86.ActiveCfg = Release|Any CPU
		{F5D3AC8D-5FEF-4A01-A915-51FDF0E74300}.Release|x86.Build.0 = Release|Any CPU
		{889087D9-B906-4125-8045-A3C55C69154E}.Ad-Hoc|Any CPU.ActiveCfg = Release|Any CPU
		{889087D9-B906-4125-8045-A3C55C69154E}.Ad-Hoc|Any CPU.Build.0 = Release|Any CPU
		{889087D9-B906-4125-8045-A3C55C69154E}.Ad-Hoc|ARM.ActiveCfg = Release|Any CPU
		{889087D9-B906-4125-8045-A3C55C69154E}.Ad-Hoc|ARM.Build.0 = Release|Any CPU
		{889087D9-B906-4125-8045-A3C55C69154E}.Ad-Hoc|iPhone.ActiveCfg = Release|Any CPU
		{889087D9-B906-4125-8045-A3C55C69154E}.Ad-Hoc|iPhone.Build.0 = Release|Any CPU
		{889087D9-B906-4125-8045-A3C55C69154E}.Ad-Hoc|iPhoneSimulator.ActiveCfg = Release|Any CPU
		{889087D9-B906-4125-8045-A3C55C69154E}.Ad-Hoc|iPhoneSimulator.Build.0 = Release|Any CPU
		{889087D9-B906-4125-8045-A3C55C69154E}.Ad-Hoc|x64.ActiveCfg = Release|Any CPU
		{889087D9-B906-4125-8045-A3C55C69154E}.Ad-Hoc|x64.Build.0 = Release|Any CPU
		{889087D9-B906-4125-8045-A3C55C69154E}.Ad-Hoc|x86.ActiveCfg = Release|Any CPU
		{889087D9-B906-4125-8045-A3C55C69154E}.Ad-Hoc|x86.Build.0 = Release|Any CPU
		{889087D9-B906-4125-8045-A3C55C69154E}.AppStore|Any CPU.ActiveCfg = Release|Any CPU
		{889087D9-B906-4125-8045-A3C55C69154E}.AppStore|Any CPU.Build.0 = Release|Any CPU
		{889087D9-B906-4125-8045-A3C55C69154E}.AppStore|ARM.ActiveCfg = Release|Any CPU
		{889087D9-B906-4125-8045-A3C55C69154E}.AppStore|ARM.Build.0 = Release|Any CPU
		{889087D9-B906-4125-8045-A3C55C69154E}.AppStore|iPhone.ActiveCfg = Release|Any CPU
		{889087D9-B906-4125-8045-A3C55C69154E}.AppStore|iPhone.Build.0 = Release|Any CPU
		{889087D9-B906-4125-8045-A3C55C69154E}.AppStore|iPhoneSimulator.ActiveCfg = Release|Any CPU
		{889087D9-B906-4125-8045-A3C55C69154E}.AppStore|iPhoneSimulator.Build.0 = Release|Any CPU
		{889087D9-B906-4125-8045-A3C55C69154E}.AppStore|x64.ActiveCfg = Release|Any CPU
		{889087D9-B906-4125-8045-A3C55C69154E}.AppStore|x64.Build.0 = Release|Any CPU
		{889087D9-B906-4125-8045-A3C55C69154E}.AppStore|x86.ActiveCfg = Release|Any CPU
		{889087D9-B906-4125-8045-A3C55C69154E}.AppStore|x86.Build.0 = Release|Any CPU
		{889087D9-B906-4125-8045-A3C55C69154E}.Debug|Any CPU.ActiveCfg = Debug|Any CPU
		{889087D9-B906-4125-8045-A3C55C69154E}.Debug|Any CPU.Build.0 = Debug|Any CPU
		{889087D9-B906-4125-8045-A3C55C69154E}.Debug|ARM.ActiveCfg = Debug|Any CPU
		{889087D9-B906-4125-8045-A3C55C69154E}.Debug|ARM.Build.0 = Debug|Any CPU
		{889087D9-B906-4125-8045-A3C55C69154E}.Debug|iPhone.ActiveCfg = Debug|Any CPU
		{889087D9-B906-4125-8045-A3C55C69154E}.Debug|iPhone.Build.0 = Debug|Any CPU
		{889087D9-B906-4125-8045-A3C55C69154E}.Debug|iPhoneSimulator.ActiveCfg = Debug|Any CPU
		{889087D9-B906-4125-8045-A3C55C69154E}.Debug|iPhoneSimulator.Build.0 = Debug|Any CPU
		{889087D9-B906-4125-8045-A3C55C69154E}.Debug|x64.ActiveCfg = Debug|Any CPU
		{889087D9-B906-4125-8045-A3C55C69154E}.Debug|x64.Build.0 = Debug|Any CPU
		{889087D9-B906-4125-8045-A3C55C69154E}.Debug|x86.ActiveCfg = Debug|Any CPU
		{889087D9-B906-4125-8045-A3C55C69154E}.Debug|x86.Build.0 = Debug|Any CPU
		{889087D9-B906-4125-8045-A3C55C69154E}.Release|Any CPU.ActiveCfg = Release|Any CPU
		{889087D9-B906-4125-8045-A3C55C69154E}.Release|Any CPU.Build.0 = Release|Any CPU
		{889087D9-B906-4125-8045-A3C55C69154E}.Release|ARM.ActiveCfg = Release|Any CPU
		{889087D9-B906-4125-8045-A3C55C69154E}.Release|ARM.Build.0 = Release|Any CPU
		{889087D9-B906-4125-8045-A3C55C69154E}.Release|iPhone.ActiveCfg = Release|Any CPU
		{889087D9-B906-4125-8045-A3C55C69154E}.Release|iPhone.Build.0 = Release|Any CPU
		{889087D9-B906-4125-8045-A3C55C69154E}.Release|iPhoneSimulator.ActiveCfg = Release|Any CPU
		{889087D9-B906-4125-8045-A3C55C69154E}.Release|iPhoneSimulator.Build.0 = Release|Any CPU
		{889087D9-B906-4125-8045-A3C55C69154E}.Release|x64.ActiveCfg = Release|Any CPU
		{889087D9-B906-4125-8045-A3C55C69154E}.Release|x64.Build.0 = Release|Any CPU
		{889087D9-B906-4125-8045-A3C55C69154E}.Release|x86.ActiveCfg = Release|Any CPU
		{889087D9-B906-4125-8045-A3C55C69154E}.Release|x86.Build.0 = Release|Any CPU
		{DA7CDFE8-366F-4B37-BB8F-57DD6CC83F38}.Ad-Hoc|Any CPU.ActiveCfg = Release|Any CPU
		{DA7CDFE8-366F-4B37-BB8F-57DD6CC83F38}.Ad-Hoc|Any CPU.Build.0 = Release|Any CPU
		{DA7CDFE8-366F-4B37-BB8F-57DD6CC83F38}.Ad-Hoc|ARM.ActiveCfg = Release|Any CPU
		{DA7CDFE8-366F-4B37-BB8F-57DD6CC83F38}.Ad-Hoc|ARM.Build.0 = Release|Any CPU
		{DA7CDFE8-366F-4B37-BB8F-57DD6CC83F38}.Ad-Hoc|iPhone.ActiveCfg = Release|Any CPU
		{DA7CDFE8-366F-4B37-BB8F-57DD6CC83F38}.Ad-Hoc|iPhone.Build.0 = Release|Any CPU
		{DA7CDFE8-366F-4B37-BB8F-57DD6CC83F38}.Ad-Hoc|iPhoneSimulator.ActiveCfg = Release|Any CPU
		{DA7CDFE8-366F-4B37-BB8F-57DD6CC83F38}.Ad-Hoc|iPhoneSimulator.Build.0 = Release|Any CPU
		{DA7CDFE8-366F-4B37-BB8F-57DD6CC83F38}.Ad-Hoc|x64.ActiveCfg = Release|Any CPU
		{DA7CDFE8-366F-4B37-BB8F-57DD6CC83F38}.Ad-Hoc|x64.Build.0 = Release|Any CPU
		{DA7CDFE8-366F-4B37-BB8F-57DD6CC83F38}.Ad-Hoc|x86.ActiveCfg = Release|Any CPU
		{DA7CDFE8-366F-4B37-BB8F-57DD6CC83F38}.Ad-Hoc|x86.Build.0 = Release|Any CPU
		{DA7CDFE8-366F-4B37-BB8F-57DD6CC83F38}.AppStore|Any CPU.ActiveCfg = Release|Any CPU
		{DA7CDFE8-366F-4B37-BB8F-57DD6CC83F38}.AppStore|Any CPU.Build.0 = Release|Any CPU
		{DA7CDFE8-366F-4B37-BB8F-57DD6CC83F38}.AppStore|ARM.ActiveCfg = Release|Any CPU
		{DA7CDFE8-366F-4B37-BB8F-57DD6CC83F38}.AppStore|ARM.Build.0 = Release|Any CPU
		{DA7CDFE8-366F-4B37-BB8F-57DD6CC83F38}.AppStore|iPhone.ActiveCfg = Release|Any CPU
		{DA7CDFE8-366F-4B37-BB8F-57DD6CC83F38}.AppStore|iPhone.Build.0 = Release|Any CPU
		{DA7CDFE8-366F-4B37-BB8F-57DD6CC83F38}.AppStore|iPhoneSimulator.ActiveCfg = Release|Any CPU
		{DA7CDFE8-366F-4B37-BB8F-57DD6CC83F38}.AppStore|iPhoneSimulator.Build.0 = Release|Any CPU
		{DA7CDFE8-366F-4B37-BB8F-57DD6CC83F38}.AppStore|x64.ActiveCfg = Release|Any CPU
		{DA7CDFE8-366F-4B37-BB8F-57DD6CC83F38}.AppStore|x64.Build.0 = Release|Any CPU
		{DA7CDFE8-366F-4B37-BB8F-57DD6CC83F38}.AppStore|x86.ActiveCfg = Release|Any CPU
		{DA7CDFE8-366F-4B37-BB8F-57DD6CC83F38}.AppStore|x86.Build.0 = Release|Any CPU
		{DA7CDFE8-366F-4B37-BB8F-57DD6CC83F38}.Debug|Any CPU.ActiveCfg = Debug|Any CPU
		{DA7CDFE8-366F-4B37-BB8F-57DD6CC83F38}.Debug|Any CPU.Build.0 = Debug|Any CPU
		{DA7CDFE8-366F-4B37-BB8F-57DD6CC83F38}.Debug|ARM.ActiveCfg = Debug|Any CPU
		{DA7CDFE8-366F-4B37-BB8F-57DD6CC83F38}.Debug|ARM.Build.0 = Debug|Any CPU
		{DA7CDFE8-366F-4B37-BB8F-57DD6CC83F38}.Debug|iPhone.ActiveCfg = Debug|Any CPU
		{DA7CDFE8-366F-4B37-BB8F-57DD6CC83F38}.Debug|iPhone.Build.0 = Debug|Any CPU
		{DA7CDFE8-366F-4B37-BB8F-57DD6CC83F38}.Debug|iPhoneSimulator.ActiveCfg = Debug|Any CPU
		{DA7CDFE8-366F-4B37-BB8F-57DD6CC83F38}.Debug|iPhoneSimulator.Build.0 = Debug|Any CPU
		{DA7CDFE8-366F-4B37-BB8F-57DD6CC83F38}.Debug|x64.ActiveCfg = Debug|Any CPU
		{DA7CDFE8-366F-4B37-BB8F-57DD6CC83F38}.Debug|x64.Build.0 = Debug|Any CPU
		{DA7CDFE8-366F-4B37-BB8F-57DD6CC83F38}.Debug|x86.ActiveCfg = Debug|Any CPU
		{DA7CDFE8-366F-4B37-BB8F-57DD6CC83F38}.Debug|x86.Build.0 = Debug|Any CPU
		{DA7CDFE8-366F-4B37-BB8F-57DD6CC83F38}.Release|Any CPU.ActiveCfg = Release|Any CPU
		{DA7CDFE8-366F-4B37-BB8F-57DD6CC83F38}.Release|Any CPU.Build.0 = Release|Any CPU
		{DA7CDFE8-366F-4B37-BB8F-57DD6CC83F38}.Release|ARM.ActiveCfg = Release|Any CPU
		{DA7CDFE8-366F-4B37-BB8F-57DD6CC83F38}.Release|ARM.Build.0 = Release|Any CPU
		{DA7CDFE8-366F-4B37-BB8F-57DD6CC83F38}.Release|iPhone.ActiveCfg = Release|Any CPU
		{DA7CDFE8-366F-4B37-BB8F-57DD6CC83F38}.Release|iPhone.Build.0 = Release|Any CPU
		{DA7CDFE8-366F-4B37-BB8F-57DD6CC83F38}.Release|iPhoneSimulator.ActiveCfg = Release|Any CPU
		{DA7CDFE8-366F-4B37-BB8F-57DD6CC83F38}.Release|iPhoneSimulator.Build.0 = Release|Any CPU
		{DA7CDFE8-366F-4B37-BB8F-57DD6CC83F38}.Release|x64.ActiveCfg = Release|Any CPU
		{DA7CDFE8-366F-4B37-BB8F-57DD6CC83F38}.Release|x64.Build.0 = Release|Any CPU
		{DA7CDFE8-366F-4B37-BB8F-57DD6CC83F38}.Release|x86.ActiveCfg = Release|Any CPU
		{DA7CDFE8-366F-4B37-BB8F-57DD6CC83F38}.Release|x86.Build.0 = Release|Any CPU
		{A0527165-47E0-4038-B6B1-C6A1A38AF7A7}.Ad-Hoc|Any CPU.ActiveCfg = Release|Any CPU
		{A0527165-47E0-4038-B6B1-C6A1A38AF7A7}.Ad-Hoc|Any CPU.Build.0 = Release|Any CPU
		{A0527165-47E0-4038-B6B1-C6A1A38AF7A7}.Ad-Hoc|ARM.ActiveCfg = Release|Any CPU
		{A0527165-47E0-4038-B6B1-C6A1A38AF7A7}.Ad-Hoc|ARM.Build.0 = Release|Any CPU
		{A0527165-47E0-4038-B6B1-C6A1A38AF7A7}.Ad-Hoc|iPhone.ActiveCfg = Release|Any CPU
		{A0527165-47E0-4038-B6B1-C6A1A38AF7A7}.Ad-Hoc|iPhone.Build.0 = Release|Any CPU
		{A0527165-47E0-4038-B6B1-C6A1A38AF7A7}.Ad-Hoc|iPhoneSimulator.ActiveCfg = Release|Any CPU
		{A0527165-47E0-4038-B6B1-C6A1A38AF7A7}.Ad-Hoc|iPhoneSimulator.Build.0 = Release|Any CPU
		{A0527165-47E0-4038-B6B1-C6A1A38AF7A7}.Ad-Hoc|x64.ActiveCfg = Release|Any CPU
		{A0527165-47E0-4038-B6B1-C6A1A38AF7A7}.Ad-Hoc|x64.Build.0 = Release|Any CPU
		{A0527165-47E0-4038-B6B1-C6A1A38AF7A7}.Ad-Hoc|x86.ActiveCfg = Release|Any CPU
		{A0527165-47E0-4038-B6B1-C6A1A38AF7A7}.Ad-Hoc|x86.Build.0 = Release|Any CPU
		{A0527165-47E0-4038-B6B1-C6A1A38AF7A7}.AppStore|Any CPU.ActiveCfg = Release|Any CPU
		{A0527165-47E0-4038-B6B1-C6A1A38AF7A7}.AppStore|Any CPU.Build.0 = Release|Any CPU
		{A0527165-47E0-4038-B6B1-C6A1A38AF7A7}.AppStore|ARM.ActiveCfg = Release|Any CPU
		{A0527165-47E0-4038-B6B1-C6A1A38AF7A7}.AppStore|ARM.Build.0 = Release|Any CPU
		{A0527165-47E0-4038-B6B1-C6A1A38AF7A7}.AppStore|iPhone.ActiveCfg = Release|Any CPU
		{A0527165-47E0-4038-B6B1-C6A1A38AF7A7}.AppStore|iPhone.Build.0 = Release|Any CPU
		{A0527165-47E0-4038-B6B1-C6A1A38AF7A7}.AppStore|iPhoneSimulator.ActiveCfg = Release|Any CPU
		{A0527165-47E0-4038-B6B1-C6A1A38AF7A7}.AppStore|iPhoneSimulator.Build.0 = Release|Any CPU
		{A0527165-47E0-4038-B6B1-C6A1A38AF7A7}.AppStore|x64.ActiveCfg = Release|Any CPU
		{A0527165-47E0-4038-B6B1-C6A1A38AF7A7}.AppStore|x64.Build.0 = Release|Any CPU
		{A0527165-47E0-4038-B6B1-C6A1A38AF7A7}.AppStore|x86.ActiveCfg = Release|Any CPU
		{A0527165-47E0-4038-B6B1-C6A1A38AF7A7}.AppStore|x86.Build.0 = Release|Any CPU
		{A0527165-47E0-4038-B6B1-C6A1A38AF7A7}.Debug|Any CPU.ActiveCfg = Debug|Any CPU
		{A0527165-47E0-4038-B6B1-C6A1A38AF7A7}.Debug|Any CPU.Build.0 = Debug|Any CPU
		{A0527165-47E0-4038-B6B1-C6A1A38AF7A7}.Debug|ARM.ActiveCfg = Debug|Any CPU
		{A0527165-47E0-4038-B6B1-C6A1A38AF7A7}.Debug|ARM.Build.0 = Debug|Any CPU
		{A0527165-47E0-4038-B6B1-C6A1A38AF7A7}.Debug|iPhone.ActiveCfg = Debug|Any CPU
		{A0527165-47E0-4038-B6B1-C6A1A38AF7A7}.Debug|iPhone.Build.0 = Debug|Any CPU
		{A0527165-47E0-4038-B6B1-C6A1A38AF7A7}.Debug|iPhoneSimulator.ActiveCfg = Debug|Any CPU
		{A0527165-47E0-4038-B6B1-C6A1A38AF7A7}.Debug|iPhoneSimulator.Build.0 = Debug|Any CPU
		{A0527165-47E0-4038-B6B1-C6A1A38AF7A7}.Debug|x64.ActiveCfg = Debug|Any CPU
		{A0527165-47E0-4038-B6B1-C6A1A38AF7A7}.Debug|x64.Build.0 = Debug|Any CPU
		{A0527165-47E0-4038-B6B1-C6A1A38AF7A7}.Debug|x86.ActiveCfg = Debug|Any CPU
		{A0527165-47E0-4038-B6B1-C6A1A38AF7A7}.Debug|x86.Build.0 = Debug|Any CPU
		{A0527165-47E0-4038-B6B1-C6A1A38AF7A7}.Release|Any CPU.ActiveCfg = Release|Any CPU
		{A0527165-47E0-4038-B6B1-C6A1A38AF7A7}.Release|Any CPU.Build.0 = Release|Any CPU
		{A0527165-47E0-4038-B6B1-C6A1A38AF7A7}.Release|ARM.ActiveCfg = Release|Any CPU
		{A0527165-47E0-4038-B6B1-C6A1A38AF7A7}.Release|ARM.Build.0 = Release|Any CPU
		{A0527165-47E0-4038-B6B1-C6A1A38AF7A7}.Release|iPhone.ActiveCfg = Release|Any CPU
		{A0527165-47E0-4038-B6B1-C6A1A38AF7A7}.Release|iPhone.Build.0 = Release|Any CPU
		{A0527165-47E0-4038-B6B1-C6A1A38AF7A7}.Release|iPhoneSimulator.ActiveCfg = Release|Any CPU
		{A0527165-47E0-4038-B6B1-C6A1A38AF7A7}.Release|iPhoneSimulator.Build.0 = Release|Any CPU
		{A0527165-47E0-4038-B6B1-C6A1A38AF7A7}.Release|x64.ActiveCfg = Release|Any CPU
		{A0527165-47E0-4038-B6B1-C6A1A38AF7A7}.Release|x64.Build.0 = Release|Any CPU
		{A0527165-47E0-4038-B6B1-C6A1A38AF7A7}.Release|x86.ActiveCfg = Release|Any CPU
		{A0527165-47E0-4038-B6B1-C6A1A38AF7A7}.Release|x86.Build.0 = Release|Any CPU
	EndGlobalSection
	GlobalSection(SolutionProperties) = preSolution
		HideSolutionNode = FALSE
	EndGlobalSection
	GlobalSection(NestedProjects) = preSolution
		{F57D766B-B0C3-4FDE-AD74-8B4DF7BF123F} = {87CC9D0B-F7CD-4763-91FD-D57CCA3B9EB3}
		{21733F7D-7CFA-452D-AEDB-DCC0CB093DA0} = {87CC9D0B-F7CD-4763-91FD-D57CCA3B9EB3}
		{DF7D4A25-7743-45FF-AB75-65F32932452F} = {87CC9D0B-F7CD-4763-91FD-D57CCA3B9EB3}
		{065D612E-46A8-4EDF-AAC5-D091E1D66550} = {87CC9D0B-F7CD-4763-91FD-D57CCA3B9EB3}
		{56DEAA96-5744-4647-993B-07EDFAA9108F} = {87CC9D0B-F7CD-4763-91FD-D57CCA3B9EB3}
		{F5D3AC8D-5FEF-4A01-A915-51FDF0E74300} = {FF468523-E5BC-4883-973C-A0C3B082CA64}
		{889087D9-B906-4125-8045-A3C55C69154E} = {87CC9D0B-F7CD-4763-91FD-D57CCA3B9EB3}
		{DA7CDFE8-366F-4B37-BB8F-57DD6CC83F38} = {56DEAA96-5744-4647-993B-07EDFAA9108F}
		{A0527165-47E0-4038-B6B1-C6A1A38AF7A7} = {56DEAA96-5744-4647-993B-07EDFAA9108F}
	EndGlobalSection
	GlobalSection(ExtensibilityGlobals) = postSolution
		SolutionGuid = {86D4894B-A5ED-4286-8192-55A70185FF62}
	EndGlobalSection
EndGlobal
